
Microsoft Visual Studio Solution File, Format Version 12.00
# Visual Studio Version 17
VisualStudioVersion = 17.1.32421.90
MinimumVisualStudioVersion = 10.0.40219.1
Project("{8BC9CEB8-8B4A-11D0-8D11-00A0C91BC942}") = "util", "util\util.vcxproj", "{E8A7AF4A-AFA3-4DBD-A112-DF250841CF10}"
	ProjectSection(ProjectDependencies) = postProject
		{745DEC58-EBB3-47A9-A9B8-4C6627C01BF8} = {745DEC58-EBB3-47A9-A9B8-4C6627C01BF8}
		{91BAB5CC-044E-4A06-9F74-9FEBA4405539} = {91BAB5CC-044E-4A06-9F74-9FEBA4405539}
	EndProjectSection
EndProject
Project("{8BC9CEB8-8B4A-11D0-8D11-00A0C91BC942}") = "zlibstat", "ext\zlib-1.2.11\contrib\vstudio\vc14\zlibstat.vcxproj", "{745DEC58-EBB3-47A9-A9B8-4C6627C01BF8}"
EndProject
Project("{2150E333-8FDC-42A3-9474-1A3956D46DE8}") = "soul", "soul", "{5BE06DDA-4067-4D78-8FE8-0798A80552D3}"
EndProject
Project("{8BC9CEB8-8B4A-11D0-8D11-00A0C91BC942}") = "lexer", "soul\lexer\lexer.vcxproj", "{858C4B45-3557-4861-A721-ADEC61D3FDB5}"
	ProjectSection(ProjectDependencies) = postProject
		{BE756C27-F517-4D99-AC6E-710790895458} = {BE756C27-F517-4D99-AC6E-710790895458}
		{E8A7AF4A-AFA3-4DBD-A112-DF250841CF10} = {E8A7AF4A-AFA3-4DBD-A112-DF250841CF10}
	EndProjectSection
EndProject
Project("{8BC9CEB8-8B4A-11D0-8D11-00A0C91BC942}") = "parser", "soul\parser\parser.vcxproj", "{536511BE-FBAC-449F-BD75-704655BDCE4D}"
	ProjectSection(ProjectDependencies) = postProject
		{858C4B45-3557-4861-A721-ADEC61D3FDB5} = {858C4B45-3557-4861-A721-ADEC61D3FDB5}
		{BE756C27-F517-4D99-AC6E-710790895458} = {BE756C27-F517-4D99-AC6E-710790895458}
		{E8A7AF4A-AFA3-4DBD-A112-DF250841CF10} = {E8A7AF4A-AFA3-4DBD-A112-DF250841CF10}
	EndProjectSection
EndProject
Project("{2150E333-8FDC-42A3-9474-1A3956D46DE8}") = "cmajor", "cmajor", "{8991C1A6-F00E-45AF-AD49-8D588CC67D82}"
EndProject
Project("{8BC9CEB8-8B4A-11D0-8D11-00A0C91BC942}") = "ast", "soul\ast\ast.vcxproj", "{BE756C27-F517-4D99-AC6E-710790895458}"
	ProjectSection(ProjectDependencies) = postProject
		{E8A7AF4A-AFA3-4DBD-A112-DF250841CF10} = {E8A7AF4A-AFA3-4DBD-A112-DF250841CF10}
	EndProjectSection
EndProject
Project("{8BC9CEB8-8B4A-11D0-8D11-00A0C91BC942}") = "ast", "cmajor\ast\ast.vcxproj", "{61AF1E25-4020-43B6-BA97-10A60A78EA0E}"
	ProjectSection(ProjectDependencies) = postProject
		{536511BE-FBAC-449F-BD75-704655BDCE4D} = {536511BE-FBAC-449F-BD75-704655BDCE4D}
		{858C4B45-3557-4861-A721-ADEC61D3FDB5} = {858C4B45-3557-4861-A721-ADEC61D3FDB5}
		{BE756C27-F517-4D99-AC6E-710790895458} = {BE756C27-F517-4D99-AC6E-710790895458}
		{E8A7AF4A-AFA3-4DBD-A112-DF250841CF10} = {E8A7AF4A-AFA3-4DBD-A112-DF250841CF10}
	EndProjectSection
EndProject
Project("{8BC9CEB8-8B4A-11D0-8D11-00A0C91BC942}") = "common", "cmajor\common\common.vcxproj", "{75603A47-C9C4-4B9F-9689-E523093E3D03}"
	ProjectSection(ProjectDependencies) = postProject
		{536511BE-FBAC-449F-BD75-704655BDCE4D} = {536511BE-FBAC-449F-BD75-704655BDCE4D}
		{858C4B45-3557-4861-A721-ADEC61D3FDB5} = {858C4B45-3557-4861-A721-ADEC61D3FDB5}
		{BE756C27-F517-4D99-AC6E-710790895458} = {BE756C27-F517-4D99-AC6E-710790895458}
		{E8A7AF4A-AFA3-4DBD-A112-DF250841CF10} = {E8A7AF4A-AFA3-4DBD-A112-DF250841CF10}
	EndProjectSection
EndProject
Project("{2150E333-8FDC-42A3-9474-1A3956D46DE8}") = "xml", "xml", "{D307A27E-EF2F-46E8-8A09-4807707E1C02}"
EndProject
Project("{8BC9CEB8-8B4A-11D0-8D11-00A0C91BC942}") = "dom", "soul\xml\dom\dom.vcxproj", "{C69DA805-04F0-4473-9E69-69888FA5E5A6}"
EndProject
Project("{8BC9CEB8-8B4A-11D0-8D11-00A0C91BC942}") = "dom_parser", "soul\xml\dom_parser\dom_parser.vcxproj", "{A04570D9-27BE-464F-B3A5-6C6B1943D493}"
EndProject
Project("{8BC9CEB8-8B4A-11D0-8D11-00A0C91BC942}") = "processor", "soul\xml\processor\processor.vcxproj", "{1AD67257-5FBE-45A6-A3BF-161BF9778089}"
EndProject
Project("{8BC9CEB8-8B4A-11D0-8D11-00A0C91BC942}") = "xml_parser", "soul\xml\xml_parser\xml_parser.vcxproj", "{21E6C1C2-DAA6-4F4E-954E-B56538D46244}"
EndProject
Project("{8BC9CEB8-8B4A-11D0-8D11-00A0C91BC942}") = "symbols", "cmajor\symbols\symbols.vcxproj", "{698D83E9-E751-4B45-8795-27F1F63E12CE}"
EndProject
Project("{8BC9CEB8-8B4A-11D0-8D11-00A0C91BC942}") = "ir", "cmajor\ir\ir.vcxproj", "{6612DFB7-3015-447E-9576-D18668EFA630}"
EndProject
Project("{8BC9CEB8-8B4A-11D0-8D11-00A0C91BC942}") = "lexer", "cmajor\lexer\lexer.vcxproj", "{B6221487-8F2D-4B27-9EC8-21C22B7FB63B}"
EndProject
Project("{8BC9CEB8-8B4A-11D0-8D11-00A0C91BC942}") = "parser", "cmajor\parser\parser.vcxproj", "{067FEDB4-998D-4EFB-A2F4-70DC705264E1}"
EndProject
Project("{8BC9CEB8-8B4A-11D0-8D11-00A0C91BC942}") = "build", "cmajor\build\build.vcxproj", "{846F8EF1-64D7-4E89-96EE-EDD591438DBF}"
EndProject
Project("{8BC9CEB8-8B4A-11D0-8D11-00A0C91BC942}") = "cmparser", "cmajor\cmparser\cmparser.vcxproj", "{6FC35BCD-46FA-4130-92FF-2154BEB3D635}"
EndProject
Project("{8BC9CEB8-8B4A-11D0-8D11-00A0C91BC942}") = "cminst", "cmajor\cminst\cminst.vcxproj", "{1530E50E-63F1-4445-A612-319AC0CA1D7D}"
EndProject
Project("{8BC9CEB8-8B4A-11D0-8D11-00A0C91BC942}") = "rex", "soul\rex\rex.vcxproj", "{679D89A0-4E43-4CF7-8E81-ACC6B357E222}"
EndProject
Project("{8BC9CEB8-8B4A-11D0-8D11-00A0C91BC942}") = "binder", "cmajor\binder\binder.vcxproj", "{E075016C-E5BA-46F8-B99D-82168D13CA4D}"
EndProject
Project("{8BC9CEB8-8B4A-11D0-8D11-00A0C91BC942}") = "backend", "cmajor\backend\backend.vcxproj", "{F9426554-E003-4B1D-9431-04A894271DCA}"
EndProject
Project("{8BC9CEB8-8B4A-11D0-8D11-00A0C91BC942}") = "llvm", "cmajor\llvm\llvm.vcxproj", "{D9913DCB-1325-426C-95B1-F80D2751D081}"
EndProject
Project("{8BC9CEB8-8B4A-11D0-8D11-00A0C91BC942}") = "codegen", "cmajor\codegen\codegen.vcxproj", "{1762C93E-3089-461C-AD9E-B8B76DFB60B1}"
EndProject
Project("{8BC9CEB8-8B4A-11D0-8D11-00A0C91BC942}") = "cmc", "cmajor\cmc\cmc.vcxproj", "{585EA78C-3203-4208-AFF5-998A693E6013}"
EndProject
Project("{8BC9CEB8-8B4A-11D0-8D11-00A0C91BC942}") = "xpath", "soul\xml\xpath\xpath.vcxproj", "{99D0A844-4EE3-4C0A-9EEB-45EB9FEDCA05}"
EndProject
Project("{8BC9CEB8-8B4A-11D0-8D11-00A0C91BC942}") = "common", "soul\common\common.vcxproj", "{229DE3F8-FA43-4EE2-8370-4D3C8ED47875}"
EndProject
Project("{8BC9CEB8-8B4A-11D0-8D11-00A0C91BC942}") = "wing", "wing\wing.vcxproj", "{8816FEEE-17B7-4A20-963A-66BFA236B867}"
EndProject
Project("{8BC9CEB8-8B4A-11D0-8D11-00A0C91BC942}") = "util_inc", "util_inc\util_inc.vcxproj", "{91BAB5CC-044E-4A06-9F74-9FEBA4405539}"
EndProject
Project("{8BC9CEB8-8B4A-11D0-8D11-00A0C91BC942}") = "eh", "cmajor\eh\eh.vcxproj", "{1A33456A-764A-489E-A510-58F61B519D1F}"
EndProject
Project("{8BC9CEB8-8B4A-11D0-8D11-00A0C91BC942}") = "rt", "cmajor\rt\rt.vcxproj", "{B9D99F1F-69C7-467A-8B2D-2E32B0B66C53}"
EndProject
Project("{2150E333-8FDC-42A3-9474-1A3956D46DE8}") = "system-x", "system-x", "{5B39819A-8F5B-4D6E-A338-B1DE21DA87A8}"
EndProject
Project("{8BC9CEB8-8B4A-11D0-8D11-00A0C91BC942}") = "machine", "cmajor\system-x\machine\machine.vcxproj", "{5AF98F03-2215-4A25-B653-733A91E17456}"
EndProject
Project("{8BC9CEB8-8B4A-11D0-8D11-00A0C91BC942}") = "object", "cmajor\system-x\object\object.vcxproj", "{74000EE5-8498-4D10-BEEF-ED5743E01300}"
EndProject
Project("{8BC9CEB8-8B4A-11D0-8D11-00A0C91BC942}") = "kernel", "cmajor\system-x\kernel\kernel.vcxproj", "{9E8958B3-3704-4C6F-87F2-5CC7D5012532}"
EndProject
Project("{8BC9CEB8-8B4A-11D0-8D11-00A0C91BC942}") = "assembler", "cmajor\system-x\assembler\assembler.vcxproj", "{32543A9F-385E-4471-9146-CB8733F0E3C8}"
EndProject
Project("{8BC9CEB8-8B4A-11D0-8D11-00A0C91BC942}") = "intermediate", "cmajor\system-x\intermediate\intermediate.vcxproj", "{B8BFD71D-F1BD-4278-950C-9DB2901F0062}"
EndProject
Project("{8BC9CEB8-8B4A-11D0-8D11-00A0C91BC942}") = "sxlink", "cmajor\system-x\sxlink\sxlink.vcxproj", "{C95E3601-BBAA-4514-8452-B89B4D3B3EDC}"
EndProject
Project("{8BC9CEB8-8B4A-11D0-8D11-00A0C91BC942}") = "sxas", "cmajor\system-x\sxas\sxas.vcxproj", "{6F20E2FF-84C9-40EA-B99C-73058EDE7A4C}"
EndProject
Project("{8BC9CEB8-8B4A-11D0-8D11-00A0C91BC942}") = "sxar", "cmajor\system-x\sxar\sxar.vcxproj", "{A7F3FAE2-3C42-4959-A98A-19B5DA9C3C4D}"
EndProject
Project("{8BC9CEB8-8B4A-11D0-8D11-00A0C91BC942}") = "ir", "cmajor\system-x\ir\ir.vcxproj", "{E4442931-3FBB-47E3-8EC8-59FD629B64EF}"
EndProject
Project("{8BC9CEB8-8B4A-11D0-8D11-00A0C91BC942}") = "backend", "cmajor\system-x\backend\backend.vcxproj", "{B4430F33-0890-4FF5-A10B-E553A0CC5193}"
EndProject
Project("{8BC9CEB8-8B4A-11D0-8D11-00A0C91BC942}") = "sxcmc", "cmajor\system-x\sxcmc\sxcmc.vcxproj", "{B5043EBF-D441-4BAF-9986-FDC70E85954A}"
EndProject
Project("{8BC9CEB8-8B4A-11D0-8D11-00A0C91BC942}") = "sxx", "cmajor\system-x\sxx\sxx.vcxproj", "{3D253930-B9ED-4775-87EF-076BB551053E}"
EndProject
Project("{8BC9CEB8-8B4A-11D0-8D11-00A0C91BC942}") = "sxdump", "cmajor\system-x\sxdump\sxdump.vcxproj", "{7243D45C-82CA-4F99-9847-DD7CFFE0F751}"
EndProject
Global
	GlobalSection(SolutionConfigurationPlatforms) = preSolution
		Debug|Itanium = Debug|Itanium
		Debug|x64 = Debug|x64
		Debug|x86 = Debug|x86
		Release|Itanium = Release|Itanium
		Release|x64 = Release|x64
		Release|x86 = Release|x86
		ReleaseWithoutAsm|Itanium = ReleaseWithoutAsm|Itanium
		ReleaseWithoutAsm|x64 = ReleaseWithoutAsm|x64
		ReleaseWithoutAsm|x86 = ReleaseWithoutAsm|x86
		Trace|Itanium = Trace|Itanium
		Trace|x64 = Trace|x64
		Trace|x86 = Trace|x86
	EndGlobalSection
	GlobalSection(ProjectConfigurationPlatforms) = postSolution
		{E8A7AF4A-AFA3-4DBD-A112-DF250841CF10}.Debug|Itanium.ActiveCfg = Debug|x64
		{E8A7AF4A-AFA3-4DBD-A112-DF250841CF10}.Debug|Itanium.Build.0 = Debug|x64
		{E8A7AF4A-AFA3-4DBD-A112-DF250841CF10}.Debug|x64.ActiveCfg = Debug|x64
		{E8A7AF4A-AFA3-4DBD-A112-DF250841CF10}.Debug|x64.Build.0 = Debug|x64
		{E8A7AF4A-AFA3-4DBD-A112-DF250841CF10}.Debug|x86.ActiveCfg = Debug|Win32
		{E8A7AF4A-AFA3-4DBD-A112-DF250841CF10}.Debug|x86.Build.0 = Debug|Win32
		{E8A7AF4A-AFA3-4DBD-A112-DF250841CF10}.Release|Itanium.ActiveCfg = Release|x64
		{E8A7AF4A-AFA3-4DBD-A112-DF250841CF10}.Release|Itanium.Build.0 = Release|x64
		{E8A7AF4A-AFA3-4DBD-A112-DF250841CF10}.Release|x64.ActiveCfg = Release|x64
		{E8A7AF4A-AFA3-4DBD-A112-DF250841CF10}.Release|x64.Build.0 = Release|x64
		{E8A7AF4A-AFA3-4DBD-A112-DF250841CF10}.Release|x86.ActiveCfg = Release|Win32
		{E8A7AF4A-AFA3-4DBD-A112-DF250841CF10}.Release|x86.Build.0 = Release|Win32
		{E8A7AF4A-AFA3-4DBD-A112-DF250841CF10}.ReleaseWithoutAsm|Itanium.ActiveCfg = Release|Win32
		{E8A7AF4A-AFA3-4DBD-A112-DF250841CF10}.ReleaseWithoutAsm|Itanium.Build.0 = Release|Win32
		{E8A7AF4A-AFA3-4DBD-A112-DF250841CF10}.ReleaseWithoutAsm|x64.ActiveCfg = Release|x64
		{E8A7AF4A-AFA3-4DBD-A112-DF250841CF10}.ReleaseWithoutAsm|x64.Build.0 = Release|x64
		{E8A7AF4A-AFA3-4DBD-A112-DF250841CF10}.ReleaseWithoutAsm|x86.ActiveCfg = Release|Win32
		{E8A7AF4A-AFA3-4DBD-A112-DF250841CF10}.ReleaseWithoutAsm|x86.Build.0 = Release|Win32
		{E8A7AF4A-AFA3-4DBD-A112-DF250841CF10}.Trace|Itanium.ActiveCfg = Release|Win32
		{E8A7AF4A-AFA3-4DBD-A112-DF250841CF10}.Trace|Itanium.Build.0 = Release|Win32
		{E8A7AF4A-AFA3-4DBD-A112-DF250841CF10}.Trace|x64.ActiveCfg = Release|x64
		{E8A7AF4A-AFA3-4DBD-A112-DF250841CF10}.Trace|x64.Build.0 = Release|x64
		{E8A7AF4A-AFA3-4DBD-A112-DF250841CF10}.Trace|x86.ActiveCfg = Release|Win32
		{E8A7AF4A-AFA3-4DBD-A112-DF250841CF10}.Trace|x86.Build.0 = Release|Win32
		{745DEC58-EBB3-47A9-A9B8-4C6627C01BF8}.Debug|Itanium.ActiveCfg = Debug|Itanium
		{745DEC58-EBB3-47A9-A9B8-4C6627C01BF8}.Debug|Itanium.Build.0 = Debug|Itanium
		{745DEC58-EBB3-47A9-A9B8-4C6627C01BF8}.Debug|x64.ActiveCfg = Debug|x64
		{745DEC58-EBB3-47A9-A9B8-4C6627C01BF8}.Debug|x64.Build.0 = Debug|x64
		{745DEC58-EBB3-47A9-A9B8-4C6627C01BF8}.Debug|x86.ActiveCfg = Debug|Win32
		{745DEC58-EBB3-47A9-A9B8-4C6627C01BF8}.Debug|x86.Build.0 = Debug|Win32
		{745DEC58-EBB3-47A9-A9B8-4C6627C01BF8}.Release|Itanium.ActiveCfg = Release|Itanium
		{745DEC58-EBB3-47A9-A9B8-4C6627C01BF8}.Release|Itanium.Build.0 = Release|Itanium
		{745DEC58-EBB3-47A9-A9B8-4C6627C01BF8}.Release|x64.ActiveCfg = Release|x64
		{745DEC58-EBB3-47A9-A9B8-4C6627C01BF8}.Release|x64.Build.0 = Release|x64
		{745DEC58-EBB3-47A9-A9B8-4C6627C01BF8}.Release|x86.ActiveCfg = Release|Win32
		{745DEC58-EBB3-47A9-A9B8-4C6627C01BF8}.Release|x86.Build.0 = Release|Win32
		{745DEC58-EBB3-47A9-A9B8-4C6627C01BF8}.ReleaseWithoutAsm|Itanium.ActiveCfg = ReleaseWithoutAsm|Itanium
		{745DEC58-EBB3-47A9-A9B8-4C6627C01BF8}.ReleaseWithoutAsm|Itanium.Build.0 = ReleaseWithoutAsm|Itanium
		{745DEC58-EBB3-47A9-A9B8-4C6627C01BF8}.ReleaseWithoutAsm|x64.ActiveCfg = ReleaseWithoutAsm|x64
		{745DEC58-EBB3-47A9-A9B8-4C6627C01BF8}.ReleaseWithoutAsm|x64.Build.0 = ReleaseWithoutAsm|x64
		{745DEC58-EBB3-47A9-A9B8-4C6627C01BF8}.ReleaseWithoutAsm|x86.ActiveCfg = ReleaseWithoutAsm|Win32
		{745DEC58-EBB3-47A9-A9B8-4C6627C01BF8}.ReleaseWithoutAsm|x86.Build.0 = ReleaseWithoutAsm|Win32
		{745DEC58-EBB3-47A9-A9B8-4C6627C01BF8}.Trace|Itanium.ActiveCfg = Trace|Itanium
		{745DEC58-EBB3-47A9-A9B8-4C6627C01BF8}.Trace|Itanium.Build.0 = Trace|Itanium
		{745DEC58-EBB3-47A9-A9B8-4C6627C01BF8}.Trace|x64.ActiveCfg = Trace|x64
		{745DEC58-EBB3-47A9-A9B8-4C6627C01BF8}.Trace|x64.Build.0 = Trace|x64
		{745DEC58-EBB3-47A9-A9B8-4C6627C01BF8}.Trace|x86.ActiveCfg = Trace|Win32
		{745DEC58-EBB3-47A9-A9B8-4C6627C01BF8}.Trace|x86.Build.0 = Trace|Win32
		{858C4B45-3557-4861-A721-ADEC61D3FDB5}.Debug|Itanium.ActiveCfg = Debug|x64
		{858C4B45-3557-4861-A721-ADEC61D3FDB5}.Debug|Itanium.Build.0 = Debug|x64
		{858C4B45-3557-4861-A721-ADEC61D3FDB5}.Debug|x64.ActiveCfg = Debug|x64
		{858C4B45-3557-4861-A721-ADEC61D3FDB5}.Debug|x64.Build.0 = Debug|x64
		{858C4B45-3557-4861-A721-ADEC61D3FDB5}.Debug|x86.ActiveCfg = Debug|Win32
		{858C4B45-3557-4861-A721-ADEC61D3FDB5}.Debug|x86.Build.0 = Debug|Win32
		{858C4B45-3557-4861-A721-ADEC61D3FDB5}.Release|Itanium.ActiveCfg = Release|x64
		{858C4B45-3557-4861-A721-ADEC61D3FDB5}.Release|Itanium.Build.0 = Release|x64
		{858C4B45-3557-4861-A721-ADEC61D3FDB5}.Release|x64.ActiveCfg = Release|x64
		{858C4B45-3557-4861-A721-ADEC61D3FDB5}.Release|x64.Build.0 = Release|x64
		{858C4B45-3557-4861-A721-ADEC61D3FDB5}.Release|x86.ActiveCfg = Release|Win32
		{858C4B45-3557-4861-A721-ADEC61D3FDB5}.Release|x86.Build.0 = Release|Win32
		{858C4B45-3557-4861-A721-ADEC61D3FDB5}.ReleaseWithoutAsm|Itanium.ActiveCfg = Release|x64
		{858C4B45-3557-4861-A721-ADEC61D3FDB5}.ReleaseWithoutAsm|Itanium.Build.0 = Release|x64
		{858C4B45-3557-4861-A721-ADEC61D3FDB5}.ReleaseWithoutAsm|x64.ActiveCfg = Release|x64
		{858C4B45-3557-4861-A721-ADEC61D3FDB5}.ReleaseWithoutAsm|x64.Build.0 = Release|x64
		{858C4B45-3557-4861-A721-ADEC61D3FDB5}.ReleaseWithoutAsm|x86.ActiveCfg = Release|Win32
		{858C4B45-3557-4861-A721-ADEC61D3FDB5}.ReleaseWithoutAsm|x86.Build.0 = Release|Win32
		{858C4B45-3557-4861-A721-ADEC61D3FDB5}.Trace|Itanium.ActiveCfg = Debug|x64
		{858C4B45-3557-4861-A721-ADEC61D3FDB5}.Trace|Itanium.Build.0 = Debug|x64
		{858C4B45-3557-4861-A721-ADEC61D3FDB5}.Trace|x64.ActiveCfg = Debug|x64
		{858C4B45-3557-4861-A721-ADEC61D3FDB5}.Trace|x64.Build.0 = Debug|x64
		{858C4B45-3557-4861-A721-ADEC61D3FDB5}.Trace|x86.ActiveCfg = Debug|Win32
		{858C4B45-3557-4861-A721-ADEC61D3FDB5}.Trace|x86.Build.0 = Debug|Win32
		{536511BE-FBAC-449F-BD75-704655BDCE4D}.Debug|Itanium.ActiveCfg = Debug|x64
		{536511BE-FBAC-449F-BD75-704655BDCE4D}.Debug|Itanium.Build.0 = Debug|x64
		{536511BE-FBAC-449F-BD75-704655BDCE4D}.Debug|x64.ActiveCfg = Debug|x64
		{536511BE-FBAC-449F-BD75-704655BDCE4D}.Debug|x64.Build.0 = Debug|x64
		{536511BE-FBAC-449F-BD75-704655BDCE4D}.Debug|x86.ActiveCfg = Debug|Win32
		{536511BE-FBAC-449F-BD75-704655BDCE4D}.Debug|x86.Build.0 = Debug|Win32
		{536511BE-FBAC-449F-BD75-704655BDCE4D}.Release|Itanium.ActiveCfg = Release|x64
		{536511BE-FBAC-449F-BD75-704655BDCE4D}.Release|Itanium.Build.0 = Release|x64
		{536511BE-FBAC-449F-BD75-704655BDCE4D}.Release|x64.ActiveCfg = Release|x64
		{536511BE-FBAC-449F-BD75-704655BDCE4D}.Release|x64.Build.0 = Release|x64
		{536511BE-FBAC-449F-BD75-704655BDCE4D}.Release|x86.ActiveCfg = Release|Win32
		{536511BE-FBAC-449F-BD75-704655BDCE4D}.Release|x86.Build.0 = Release|Win32
		{536511BE-FBAC-449F-BD75-704655BDCE4D}.ReleaseWithoutAsm|Itanium.ActiveCfg = Release|x64
		{536511BE-FBAC-449F-BD75-704655BDCE4D}.ReleaseWithoutAsm|Itanium.Build.0 = Release|x64
		{536511BE-FBAC-449F-BD75-704655BDCE4D}.ReleaseWithoutAsm|x64.ActiveCfg = Release|x64
		{536511BE-FBAC-449F-BD75-704655BDCE4D}.ReleaseWithoutAsm|x64.Build.0 = Release|x64
		{536511BE-FBAC-449F-BD75-704655BDCE4D}.ReleaseWithoutAsm|x86.ActiveCfg = Release|Win32
		{536511BE-FBAC-449F-BD75-704655BDCE4D}.ReleaseWithoutAsm|x86.Build.0 = Release|Win32
		{536511BE-FBAC-449F-BD75-704655BDCE4D}.Trace|Itanium.ActiveCfg = Debug|x64
		{536511BE-FBAC-449F-BD75-704655BDCE4D}.Trace|Itanium.Build.0 = Debug|x64
		{536511BE-FBAC-449F-BD75-704655BDCE4D}.Trace|x64.ActiveCfg = Debug|x64
		{536511BE-FBAC-449F-BD75-704655BDCE4D}.Trace|x64.Build.0 = Debug|x64
		{536511BE-FBAC-449F-BD75-704655BDCE4D}.Trace|x86.ActiveCfg = Debug|Win32
		{536511BE-FBAC-449F-BD75-704655BDCE4D}.Trace|x86.Build.0 = Debug|Win32
		{BE756C27-F517-4D99-AC6E-710790895458}.Debug|Itanium.ActiveCfg = Debug|x64
		{BE756C27-F517-4D99-AC6E-710790895458}.Debug|Itanium.Build.0 = Debug|x64
		{BE756C27-F517-4D99-AC6E-710790895458}.Debug|x64.ActiveCfg = Debug|x64
		{BE756C27-F517-4D99-AC6E-710790895458}.Debug|x64.Build.0 = Debug|x64
		{BE756C27-F517-4D99-AC6E-710790895458}.Debug|x86.ActiveCfg = Debug|Win32
		{BE756C27-F517-4D99-AC6E-710790895458}.Debug|x86.Build.0 = Debug|Win32
		{BE756C27-F517-4D99-AC6E-710790895458}.Release|Itanium.ActiveCfg = Release|x64
		{BE756C27-F517-4D99-AC6E-710790895458}.Release|Itanium.Build.0 = Release|x64
		{BE756C27-F517-4D99-AC6E-710790895458}.Release|x64.ActiveCfg = Release|x64
		{BE756C27-F517-4D99-AC6E-710790895458}.Release|x64.Build.0 = Release|x64
		{BE756C27-F517-4D99-AC6E-710790895458}.Release|x86.ActiveCfg = Release|Win32
		{BE756C27-F517-4D99-AC6E-710790895458}.Release|x86.Build.0 = Release|Win32
		{BE756C27-F517-4D99-AC6E-710790895458}.ReleaseWithoutAsm|Itanium.ActiveCfg = Release|x64
		{BE756C27-F517-4D99-AC6E-710790895458}.ReleaseWithoutAsm|Itanium.Build.0 = Release|x64
		{BE756C27-F517-4D99-AC6E-710790895458}.ReleaseWithoutAsm|x64.ActiveCfg = Release|x64
		{BE756C27-F517-4D99-AC6E-710790895458}.ReleaseWithoutAsm|x64.Build.0 = Release|x64
		{BE756C27-F517-4D99-AC6E-710790895458}.ReleaseWithoutAsm|x86.ActiveCfg = Release|Win32
		{BE756C27-F517-4D99-AC6E-710790895458}.ReleaseWithoutAsm|x86.Build.0 = Release|Win32
		{BE756C27-F517-4D99-AC6E-710790895458}.Trace|Itanium.ActiveCfg = Debug|x64
		{BE756C27-F517-4D99-AC6E-710790895458}.Trace|Itanium.Build.0 = Debug|x64
		{BE756C27-F517-4D99-AC6E-710790895458}.Trace|x64.ActiveCfg = Debug|x64
		{BE756C27-F517-4D99-AC6E-710790895458}.Trace|x64.Build.0 = Debug|x64
		{BE756C27-F517-4D99-AC6E-710790895458}.Trace|x86.ActiveCfg = Debug|Win32
		{BE756C27-F517-4D99-AC6E-710790895458}.Trace|x86.Build.0 = Debug|Win32
		{61AF1E25-4020-43B6-BA97-10A60A78EA0E}.Debug|Itanium.ActiveCfg = Debug|x64
		{61AF1E25-4020-43B6-BA97-10A60A78EA0E}.Debug|Itanium.Build.0 = Debug|x64
		{61AF1E25-4020-43B6-BA97-10A60A78EA0E}.Debug|x64.ActiveCfg = Debug|x64
		{61AF1E25-4020-43B6-BA97-10A60A78EA0E}.Debug|x64.Build.0 = Debug|x64
		{61AF1E25-4020-43B6-BA97-10A60A78EA0E}.Debug|x86.ActiveCfg = Debug|Win32
		{61AF1E25-4020-43B6-BA97-10A60A78EA0E}.Debug|x86.Build.0 = Debug|Win32
		{61AF1E25-4020-43B6-BA97-10A60A78EA0E}.Release|Itanium.ActiveCfg = Release|x64
		{61AF1E25-4020-43B6-BA97-10A60A78EA0E}.Release|Itanium.Build.0 = Release|x64
		{61AF1E25-4020-43B6-BA97-10A60A78EA0E}.Release|x64.ActiveCfg = Release|x64
		{61AF1E25-4020-43B6-BA97-10A60A78EA0E}.Release|x64.Build.0 = Release|x64
		{61AF1E25-4020-43B6-BA97-10A60A78EA0E}.Release|x86.ActiveCfg = Release|Win32
		{61AF1E25-4020-43B6-BA97-10A60A78EA0E}.Release|x86.Build.0 = Release|Win32
		{61AF1E25-4020-43B6-BA97-10A60A78EA0E}.ReleaseWithoutAsm|Itanium.ActiveCfg = Release|x64
		{61AF1E25-4020-43B6-BA97-10A60A78EA0E}.ReleaseWithoutAsm|Itanium.Build.0 = Release|x64
		{61AF1E25-4020-43B6-BA97-10A60A78EA0E}.ReleaseWithoutAsm|x64.ActiveCfg = Release|x64
		{61AF1E25-4020-43B6-BA97-10A60A78EA0E}.ReleaseWithoutAsm|x64.Build.0 = Release|x64
		{61AF1E25-4020-43B6-BA97-10A60A78EA0E}.ReleaseWithoutAsm|x86.ActiveCfg = Release|Win32
		{61AF1E25-4020-43B6-BA97-10A60A78EA0E}.ReleaseWithoutAsm|x86.Build.0 = Release|Win32
		{61AF1E25-4020-43B6-BA97-10A60A78EA0E}.Trace|Itanium.ActiveCfg = Debug|x64
		{61AF1E25-4020-43B6-BA97-10A60A78EA0E}.Trace|Itanium.Build.0 = Debug|x64
		{61AF1E25-4020-43B6-BA97-10A60A78EA0E}.Trace|x64.ActiveCfg = Debug|x64
		{61AF1E25-4020-43B6-BA97-10A60A78EA0E}.Trace|x64.Build.0 = Debug|x64
		{61AF1E25-4020-43B6-BA97-10A60A78EA0E}.Trace|x86.ActiveCfg = Debug|Win32
		{61AF1E25-4020-43B6-BA97-10A60A78EA0E}.Trace|x86.Build.0 = Debug|Win32
		{75603A47-C9C4-4B9F-9689-E523093E3D03}.Debug|Itanium.ActiveCfg = Debug|x64
		{75603A47-C9C4-4B9F-9689-E523093E3D03}.Debug|Itanium.Build.0 = Debug|x64
		{75603A47-C9C4-4B9F-9689-E523093E3D03}.Debug|x64.ActiveCfg = Debug|x64
		{75603A47-C9C4-4B9F-9689-E523093E3D03}.Debug|x64.Build.0 = Debug|x64
		{75603A47-C9C4-4B9F-9689-E523093E3D03}.Debug|x86.ActiveCfg = Debug|Win32
		{75603A47-C9C4-4B9F-9689-E523093E3D03}.Debug|x86.Build.0 = Debug|Win32
		{75603A47-C9C4-4B9F-9689-E523093E3D03}.Release|Itanium.ActiveCfg = Release|x64
		{75603A47-C9C4-4B9F-9689-E523093E3D03}.Release|Itanium.Build.0 = Release|x64
		{75603A47-C9C4-4B9F-9689-E523093E3D03}.Release|x64.ActiveCfg = Release|x64
		{75603A47-C9C4-4B9F-9689-E523093E3D03}.Release|x64.Build.0 = Release|x64
		{75603A47-C9C4-4B9F-9689-E523093E3D03}.Release|x86.ActiveCfg = Release|Win32
		{75603A47-C9C4-4B9F-9689-E523093E3D03}.Release|x86.Build.0 = Release|Win32
		{75603A47-C9C4-4B9F-9689-E523093E3D03}.ReleaseWithoutAsm|Itanium.ActiveCfg = Release|x64
		{75603A47-C9C4-4B9F-9689-E523093E3D03}.ReleaseWithoutAsm|Itanium.Build.0 = Release|x64
		{75603A47-C9C4-4B9F-9689-E523093E3D03}.ReleaseWithoutAsm|x64.ActiveCfg = Release|x64
		{75603A47-C9C4-4B9F-9689-E523093E3D03}.ReleaseWithoutAsm|x64.Build.0 = Release|x64
		{75603A47-C9C4-4B9F-9689-E523093E3D03}.ReleaseWithoutAsm|x86.ActiveCfg = Release|Win32
		{75603A47-C9C4-4B9F-9689-E523093E3D03}.ReleaseWithoutAsm|x86.Build.0 = Release|Win32
		{75603A47-C9C4-4B9F-9689-E523093E3D03}.Trace|Itanium.ActiveCfg = Debug|x64
		{75603A47-C9C4-4B9F-9689-E523093E3D03}.Trace|Itanium.Build.0 = Debug|x64
		{75603A47-C9C4-4B9F-9689-E523093E3D03}.Trace|x64.ActiveCfg = Debug|x64
		{75603A47-C9C4-4B9F-9689-E523093E3D03}.Trace|x64.Build.0 = Debug|x64
		{75603A47-C9C4-4B9F-9689-E523093E3D03}.Trace|x86.ActiveCfg = Debug|Win32
		{75603A47-C9C4-4B9F-9689-E523093E3D03}.Trace|x86.Build.0 = Debug|Win32
		{C69DA805-04F0-4473-9E69-69888FA5E5A6}.Debug|Itanium.ActiveCfg = Debug|x64
		{C69DA805-04F0-4473-9E69-69888FA5E5A6}.Debug|Itanium.Build.0 = Debug|x64
		{C69DA805-04F0-4473-9E69-69888FA5E5A6}.Debug|x64.ActiveCfg = Debug|x64
		{C69DA805-04F0-4473-9E69-69888FA5E5A6}.Debug|x64.Build.0 = Debug|x64
		{C69DA805-04F0-4473-9E69-69888FA5E5A6}.Debug|x86.ActiveCfg = Debug|Win32
		{C69DA805-04F0-4473-9E69-69888FA5E5A6}.Debug|x86.Build.0 = Debug|Win32
		{C69DA805-04F0-4473-9E69-69888FA5E5A6}.Release|Itanium.ActiveCfg = Release|x64
		{C69DA805-04F0-4473-9E69-69888FA5E5A6}.Release|Itanium.Build.0 = Release|x64
		{C69DA805-04F0-4473-9E69-69888FA5E5A6}.Release|x64.ActiveCfg = Release|x64
		{C69DA805-04F0-4473-9E69-69888FA5E5A6}.Release|x64.Build.0 = Release|x64
		{C69DA805-04F0-4473-9E69-69888FA5E5A6}.Release|x86.ActiveCfg = Release|Win32
		{C69DA805-04F0-4473-9E69-69888FA5E5A6}.Release|x86.Build.0 = Release|Win32
		{C69DA805-04F0-4473-9E69-69888FA5E5A6}.ReleaseWithoutAsm|Itanium.ActiveCfg = Release|x64
		{C69DA805-04F0-4473-9E69-69888FA5E5A6}.ReleaseWithoutAsm|Itanium.Build.0 = Release|x64
		{C69DA805-04F0-4473-9E69-69888FA5E5A6}.ReleaseWithoutAsm|x64.ActiveCfg = Release|x64
		{C69DA805-04F0-4473-9E69-69888FA5E5A6}.ReleaseWithoutAsm|x64.Build.0 = Release|x64
		{C69DA805-04F0-4473-9E69-69888FA5E5A6}.ReleaseWithoutAsm|x86.ActiveCfg = Release|Win32
		{C69DA805-04F0-4473-9E69-69888FA5E5A6}.ReleaseWithoutAsm|x86.Build.0 = Release|Win32
		{C69DA805-04F0-4473-9E69-69888FA5E5A6}.Trace|Itanium.ActiveCfg = Debug|x64
		{C69DA805-04F0-4473-9E69-69888FA5E5A6}.Trace|Itanium.Build.0 = Debug|x64
		{C69DA805-04F0-4473-9E69-69888FA5E5A6}.Trace|x64.ActiveCfg = Debug|x64
		{C69DA805-04F0-4473-9E69-69888FA5E5A6}.Trace|x64.Build.0 = Debug|x64
		{C69DA805-04F0-4473-9E69-69888FA5E5A6}.Trace|x86.ActiveCfg = Debug|Win32
		{C69DA805-04F0-4473-9E69-69888FA5E5A6}.Trace|x86.Build.0 = Debug|Win32
		{A04570D9-27BE-464F-B3A5-6C6B1943D493}.Debug|Itanium.ActiveCfg = Debug|x64
		{A04570D9-27BE-464F-B3A5-6C6B1943D493}.Debug|Itanium.Build.0 = Debug|x64
		{A04570D9-27BE-464F-B3A5-6C6B1943D493}.Debug|x64.ActiveCfg = Debug|x64
		{A04570D9-27BE-464F-B3A5-6C6B1943D493}.Debug|x64.Build.0 = Debug|x64
		{A04570D9-27BE-464F-B3A5-6C6B1943D493}.Debug|x86.ActiveCfg = Debug|Win32
		{A04570D9-27BE-464F-B3A5-6C6B1943D493}.Debug|x86.Build.0 = Debug|Win32
		{A04570D9-27BE-464F-B3A5-6C6B1943D493}.Release|Itanium.ActiveCfg = Release|x64
		{A04570D9-27BE-464F-B3A5-6C6B1943D493}.Release|Itanium.Build.0 = Release|x64
		{A04570D9-27BE-464F-B3A5-6C6B1943D493}.Release|x64.ActiveCfg = Release|x64
		{A04570D9-27BE-464F-B3A5-6C6B1943D493}.Release|x64.Build.0 = Release|x64
		{A04570D9-27BE-464F-B3A5-6C6B1943D493}.Release|x86.ActiveCfg = Release|Win32
		{A04570D9-27BE-464F-B3A5-6C6B1943D493}.Release|x86.Build.0 = Release|Win32
		{A04570D9-27BE-464F-B3A5-6C6B1943D493}.ReleaseWithoutAsm|Itanium.ActiveCfg = Release|x64
		{A04570D9-27BE-464F-B3A5-6C6B1943D493}.ReleaseWithoutAsm|Itanium.Build.0 = Release|x64
		{A04570D9-27BE-464F-B3A5-6C6B1943D493}.ReleaseWithoutAsm|x64.ActiveCfg = Release|x64
		{A04570D9-27BE-464F-B3A5-6C6B1943D493}.ReleaseWithoutAsm|x64.Build.0 = Release|x64
		{A04570D9-27BE-464F-B3A5-6C6B1943D493}.ReleaseWithoutAsm|x86.ActiveCfg = Release|Win32
		{A04570D9-27BE-464F-B3A5-6C6B1943D493}.ReleaseWithoutAsm|x86.Build.0 = Release|Win32
		{A04570D9-27BE-464F-B3A5-6C6B1943D493}.Trace|Itanium.ActiveCfg = Debug|x64
		{A04570D9-27BE-464F-B3A5-6C6B1943D493}.Trace|Itanium.Build.0 = Debug|x64
		{A04570D9-27BE-464F-B3A5-6C6B1943D493}.Trace|x64.ActiveCfg = Debug|x64
		{A04570D9-27BE-464F-B3A5-6C6B1943D493}.Trace|x64.Build.0 = Debug|x64
		{A04570D9-27BE-464F-B3A5-6C6B1943D493}.Trace|x86.ActiveCfg = Debug|Win32
		{A04570D9-27BE-464F-B3A5-6C6B1943D493}.Trace|x86.Build.0 = Debug|Win32
		{1AD67257-5FBE-45A6-A3BF-161BF9778089}.Debug|Itanium.ActiveCfg = Debug|x64
		{1AD67257-5FBE-45A6-A3BF-161BF9778089}.Debug|Itanium.Build.0 = Debug|x64
		{1AD67257-5FBE-45A6-A3BF-161BF9778089}.Debug|x64.ActiveCfg = Debug|x64
		{1AD67257-5FBE-45A6-A3BF-161BF9778089}.Debug|x64.Build.0 = Debug|x64
		{1AD67257-5FBE-45A6-A3BF-161BF9778089}.Debug|x86.ActiveCfg = Debug|Win32
		{1AD67257-5FBE-45A6-A3BF-161BF9778089}.Debug|x86.Build.0 = Debug|Win32
		{1AD67257-5FBE-45A6-A3BF-161BF9778089}.Release|Itanium.ActiveCfg = Release|x64
		{1AD67257-5FBE-45A6-A3BF-161BF9778089}.Release|Itanium.Build.0 = Release|x64
		{1AD67257-5FBE-45A6-A3BF-161BF9778089}.Release|x64.ActiveCfg = Release|x64
		{1AD67257-5FBE-45A6-A3BF-161BF9778089}.Release|x64.Build.0 = Release|x64
		{1AD67257-5FBE-45A6-A3BF-161BF9778089}.Release|x86.ActiveCfg = Release|Win32
		{1AD67257-5FBE-45A6-A3BF-161BF9778089}.Release|x86.Build.0 = Release|Win32
		{1AD67257-5FBE-45A6-A3BF-161BF9778089}.ReleaseWithoutAsm|Itanium.ActiveCfg = Release|x64
		{1AD67257-5FBE-45A6-A3BF-161BF9778089}.ReleaseWithoutAsm|Itanium.Build.0 = Release|x64
		{1AD67257-5FBE-45A6-A3BF-161BF9778089}.ReleaseWithoutAsm|x64.ActiveCfg = Release|x64
		{1AD67257-5FBE-45A6-A3BF-161BF9778089}.ReleaseWithoutAsm|x64.Build.0 = Release|x64
		{1AD67257-5FBE-45A6-A3BF-161BF9778089}.ReleaseWithoutAsm|x86.ActiveCfg = Release|Win32
		{1AD67257-5FBE-45A6-A3BF-161BF9778089}.ReleaseWithoutAsm|x86.Build.0 = Release|Win32
		{1AD67257-5FBE-45A6-A3BF-161BF9778089}.Trace|Itanium.ActiveCfg = Debug|x64
		{1AD67257-5FBE-45A6-A3BF-161BF9778089}.Trace|Itanium.Build.0 = Debug|x64
		{1AD67257-5FBE-45A6-A3BF-161BF9778089}.Trace|x64.ActiveCfg = Debug|x64
		{1AD67257-5FBE-45A6-A3BF-161BF9778089}.Trace|x64.Build.0 = Debug|x64
		{1AD67257-5FBE-45A6-A3BF-161BF9778089}.Trace|x86.ActiveCfg = Debug|Win32
		{1AD67257-5FBE-45A6-A3BF-161BF9778089}.Trace|x86.Build.0 = Debug|Win32
		{21E6C1C2-DAA6-4F4E-954E-B56538D46244}.Debug|Itanium.ActiveCfg = Debug|x64
		{21E6C1C2-DAA6-4F4E-954E-B56538D46244}.Debug|Itanium.Build.0 = Debug|x64
		{21E6C1C2-DAA6-4F4E-954E-B56538D46244}.Debug|x64.ActiveCfg = Debug|x64
		{21E6C1C2-DAA6-4F4E-954E-B56538D46244}.Debug|x64.Build.0 = Debug|x64
		{21E6C1C2-DAA6-4F4E-954E-B56538D46244}.Debug|x86.ActiveCfg = Debug|Win32
		{21E6C1C2-DAA6-4F4E-954E-B56538D46244}.Debug|x86.Build.0 = Debug|Win32
		{21E6C1C2-DAA6-4F4E-954E-B56538D46244}.Release|Itanium.ActiveCfg = Release|x64
		{21E6C1C2-DAA6-4F4E-954E-B56538D46244}.Release|Itanium.Build.0 = Release|x64
		{21E6C1C2-DAA6-4F4E-954E-B56538D46244}.Release|x64.ActiveCfg = Release|x64
		{21E6C1C2-DAA6-4F4E-954E-B56538D46244}.Release|x64.Build.0 = Release|x64
		{21E6C1C2-DAA6-4F4E-954E-B56538D46244}.Release|x86.ActiveCfg = Release|Win32
		{21E6C1C2-DAA6-4F4E-954E-B56538D46244}.Release|x86.Build.0 = Release|Win32
		{21E6C1C2-DAA6-4F4E-954E-B56538D46244}.ReleaseWithoutAsm|Itanium.ActiveCfg = Release|x64
		{21E6C1C2-DAA6-4F4E-954E-B56538D46244}.ReleaseWithoutAsm|Itanium.Build.0 = Release|x64
		{21E6C1C2-DAA6-4F4E-954E-B56538D46244}.ReleaseWithoutAsm|x64.ActiveCfg = Release|x64
		{21E6C1C2-DAA6-4F4E-954E-B56538D46244}.ReleaseWithoutAsm|x64.Build.0 = Release|x64
		{21E6C1C2-DAA6-4F4E-954E-B56538D46244}.ReleaseWithoutAsm|x86.ActiveCfg = Release|Win32
		{21E6C1C2-DAA6-4F4E-954E-B56538D46244}.ReleaseWithoutAsm|x86.Build.0 = Release|Win32
		{21E6C1C2-DAA6-4F4E-954E-B56538D46244}.Trace|Itanium.ActiveCfg = Debug|x64
		{21E6C1C2-DAA6-4F4E-954E-B56538D46244}.Trace|Itanium.Build.0 = Debug|x64
		{21E6C1C2-DAA6-4F4E-954E-B56538D46244}.Trace|x64.ActiveCfg = Debug|x64
		{21E6C1C2-DAA6-4F4E-954E-B56538D46244}.Trace|x64.Build.0 = Debug|x64
		{21E6C1C2-DAA6-4F4E-954E-B56538D46244}.Trace|x86.ActiveCfg = Debug|Win32
		{21E6C1C2-DAA6-4F4E-954E-B56538D46244}.Trace|x86.Build.0 = Debug|Win32
		{698D83E9-E751-4B45-8795-27F1F63E12CE}.Debug|Itanium.ActiveCfg = Debug|x64
		{698D83E9-E751-4B45-8795-27F1F63E12CE}.Debug|Itanium.Build.0 = Debug|x64
		{698D83E9-E751-4B45-8795-27F1F63E12CE}.Debug|x64.ActiveCfg = Debug|x64
		{698D83E9-E751-4B45-8795-27F1F63E12CE}.Debug|x64.Build.0 = Debug|x64
		{698D83E9-E751-4B45-8795-27F1F63E12CE}.Debug|x86.ActiveCfg = Debug|Win32
		{698D83E9-E751-4B45-8795-27F1F63E12CE}.Debug|x86.Build.0 = Debug|Win32
		{698D83E9-E751-4B45-8795-27F1F63E12CE}.Release|Itanium.ActiveCfg = Release|x64
		{698D83E9-E751-4B45-8795-27F1F63E12CE}.Release|Itanium.Build.0 = Release|x64
		{698D83E9-E751-4B45-8795-27F1F63E12CE}.Release|x64.ActiveCfg = Release|x64
		{698D83E9-E751-4B45-8795-27F1F63E12CE}.Release|x64.Build.0 = Release|x64
		{698D83E9-E751-4B45-8795-27F1F63E12CE}.Release|x86.ActiveCfg = Release|Win32
		{698D83E9-E751-4B45-8795-27F1F63E12CE}.Release|x86.Build.0 = Release|Win32
		{698D83E9-E751-4B45-8795-27F1F63E12CE}.ReleaseWithoutAsm|Itanium.ActiveCfg = Release|x64
		{698D83E9-E751-4B45-8795-27F1F63E12CE}.ReleaseWithoutAsm|Itanium.Build.0 = Release|x64
		{698D83E9-E751-4B45-8795-27F1F63E12CE}.ReleaseWithoutAsm|x64.ActiveCfg = Release|x64
		{698D83E9-E751-4B45-8795-27F1F63E12CE}.ReleaseWithoutAsm|x64.Build.0 = Release|x64
		{698D83E9-E751-4B45-8795-27F1F63E12CE}.ReleaseWithoutAsm|x86.ActiveCfg = Release|Win32
		{698D83E9-E751-4B45-8795-27F1F63E12CE}.ReleaseWithoutAsm|x86.Build.0 = Release|Win32
		{698D83E9-E751-4B45-8795-27F1F63E12CE}.Trace|Itanium.ActiveCfg = Debug|x64
		{698D83E9-E751-4B45-8795-27F1F63E12CE}.Trace|Itanium.Build.0 = Debug|x64
		{698D83E9-E751-4B45-8795-27F1F63E12CE}.Trace|x64.ActiveCfg = Debug|x64
		{698D83E9-E751-4B45-8795-27F1F63E12CE}.Trace|x64.Build.0 = Debug|x64
		{698D83E9-E751-4B45-8795-27F1F63E12CE}.Trace|x86.ActiveCfg = Debug|Win32
		{698D83E9-E751-4B45-8795-27F1F63E12CE}.Trace|x86.Build.0 = Debug|Win32
		{6612DFB7-3015-447E-9576-D18668EFA630}.Debug|Itanium.ActiveCfg = Debug|x64
		{6612DFB7-3015-447E-9576-D18668EFA630}.Debug|Itanium.Build.0 = Debug|x64
		{6612DFB7-3015-447E-9576-D18668EFA630}.Debug|x64.ActiveCfg = Debug|x64
		{6612DFB7-3015-447E-9576-D18668EFA630}.Debug|x64.Build.0 = Debug|x64
		{6612DFB7-3015-447E-9576-D18668EFA630}.Debug|x86.ActiveCfg = Debug|Win32
		{6612DFB7-3015-447E-9576-D18668EFA630}.Debug|x86.Build.0 = Debug|Win32
		{6612DFB7-3015-447E-9576-D18668EFA630}.Release|Itanium.ActiveCfg = Release|x64
		{6612DFB7-3015-447E-9576-D18668EFA630}.Release|Itanium.Build.0 = Release|x64
		{6612DFB7-3015-447E-9576-D18668EFA630}.Release|x64.ActiveCfg = Release|x64
		{6612DFB7-3015-447E-9576-D18668EFA630}.Release|x64.Build.0 = Release|x64
		{6612DFB7-3015-447E-9576-D18668EFA630}.Release|x86.ActiveCfg = Release|Win32
		{6612DFB7-3015-447E-9576-D18668EFA630}.Release|x86.Build.0 = Release|Win32
		{6612DFB7-3015-447E-9576-D18668EFA630}.ReleaseWithoutAsm|Itanium.ActiveCfg = Release|x64
		{6612DFB7-3015-447E-9576-D18668EFA630}.ReleaseWithoutAsm|Itanium.Build.0 = Release|x64
		{6612DFB7-3015-447E-9576-D18668EFA630}.ReleaseWithoutAsm|x64.ActiveCfg = Release|x64
		{6612DFB7-3015-447E-9576-D18668EFA630}.ReleaseWithoutAsm|x64.Build.0 = Release|x64
		{6612DFB7-3015-447E-9576-D18668EFA630}.ReleaseWithoutAsm|x86.ActiveCfg = Release|Win32
		{6612DFB7-3015-447E-9576-D18668EFA630}.ReleaseWithoutAsm|x86.Build.0 = Release|Win32
		{6612DFB7-3015-447E-9576-D18668EFA630}.Trace|Itanium.ActiveCfg = Debug|x64
		{6612DFB7-3015-447E-9576-D18668EFA630}.Trace|Itanium.Build.0 = Debug|x64
		{6612DFB7-3015-447E-9576-D18668EFA630}.Trace|x64.ActiveCfg = Debug|x64
		{6612DFB7-3015-447E-9576-D18668EFA630}.Trace|x64.Build.0 = Debug|x64
		{6612DFB7-3015-447E-9576-D18668EFA630}.Trace|x86.ActiveCfg = Debug|Win32
		{6612DFB7-3015-447E-9576-D18668EFA630}.Trace|x86.Build.0 = Debug|Win32
		{B6221487-8F2D-4B27-9EC8-21C22B7FB63B}.Debug|Itanium.ActiveCfg = Debug|x64
		{B6221487-8F2D-4B27-9EC8-21C22B7FB63B}.Debug|Itanium.Build.0 = Debug|x64
		{B6221487-8F2D-4B27-9EC8-21C22B7FB63B}.Debug|x64.ActiveCfg = Debug|x64
		{B6221487-8F2D-4B27-9EC8-21C22B7FB63B}.Debug|x64.Build.0 = Debug|x64
		{B6221487-8F2D-4B27-9EC8-21C22B7FB63B}.Debug|x86.ActiveCfg = Debug|Win32
		{B6221487-8F2D-4B27-9EC8-21C22B7FB63B}.Debug|x86.Build.0 = Debug|Win32
		{B6221487-8F2D-4B27-9EC8-21C22B7FB63B}.Release|Itanium.ActiveCfg = Release|x64
		{B6221487-8F2D-4B27-9EC8-21C22B7FB63B}.Release|Itanium.Build.0 = Release|x64
		{B6221487-8F2D-4B27-9EC8-21C22B7FB63B}.Release|x64.ActiveCfg = Release|x64
		{B6221487-8F2D-4B27-9EC8-21C22B7FB63B}.Release|x64.Build.0 = Release|x64
		{B6221487-8F2D-4B27-9EC8-21C22B7FB63B}.Release|x86.ActiveCfg = Release|Win32
		{B6221487-8F2D-4B27-9EC8-21C22B7FB63B}.Release|x86.Build.0 = Release|Win32
		{B6221487-8F2D-4B27-9EC8-21C22B7FB63B}.ReleaseWithoutAsm|Itanium.ActiveCfg = Release|x64
		{B6221487-8F2D-4B27-9EC8-21C22B7FB63B}.ReleaseWithoutAsm|Itanium.Build.0 = Release|x64
		{B6221487-8F2D-4B27-9EC8-21C22B7FB63B}.ReleaseWithoutAsm|x64.ActiveCfg = Release|x64
		{B6221487-8F2D-4B27-9EC8-21C22B7FB63B}.ReleaseWithoutAsm|x64.Build.0 = Release|x64
		{B6221487-8F2D-4B27-9EC8-21C22B7FB63B}.ReleaseWithoutAsm|x86.ActiveCfg = Release|Win32
		{B6221487-8F2D-4B27-9EC8-21C22B7FB63B}.ReleaseWithoutAsm|x86.Build.0 = Release|Win32
		{B6221487-8F2D-4B27-9EC8-21C22B7FB63B}.Trace|Itanium.ActiveCfg = Debug|x64
		{B6221487-8F2D-4B27-9EC8-21C22B7FB63B}.Trace|Itanium.Build.0 = Debug|x64
		{B6221487-8F2D-4B27-9EC8-21C22B7FB63B}.Trace|x64.ActiveCfg = Debug|x64
		{B6221487-8F2D-4B27-9EC8-21C22B7FB63B}.Trace|x64.Build.0 = Debug|x64
		{B6221487-8F2D-4B27-9EC8-21C22B7FB63B}.Trace|x86.ActiveCfg = Debug|Win32
		{B6221487-8F2D-4B27-9EC8-21C22B7FB63B}.Trace|x86.Build.0 = Debug|Win32
		{067FEDB4-998D-4EFB-A2F4-70DC705264E1}.Debug|Itanium.ActiveCfg = Debug|x64
		{067FEDB4-998D-4EFB-A2F4-70DC705264E1}.Debug|Itanium.Build.0 = Debug|x64
		{067FEDB4-998D-4EFB-A2F4-70DC705264E1}.Debug|x64.ActiveCfg = Debug|x64
		{067FEDB4-998D-4EFB-A2F4-70DC705264E1}.Debug|x64.Build.0 = Debug|x64
		{067FEDB4-998D-4EFB-A2F4-70DC705264E1}.Debug|x86.ActiveCfg = Debug|Win32
		{067FEDB4-998D-4EFB-A2F4-70DC705264E1}.Debug|x86.Build.0 = Debug|Win32
		{067FEDB4-998D-4EFB-A2F4-70DC705264E1}.Release|Itanium.ActiveCfg = Release|x64
		{067FEDB4-998D-4EFB-A2F4-70DC705264E1}.Release|Itanium.Build.0 = Release|x64
		{067FEDB4-998D-4EFB-A2F4-70DC705264E1}.Release|x64.ActiveCfg = Release|x64
		{067FEDB4-998D-4EFB-A2F4-70DC705264E1}.Release|x64.Build.0 = Release|x64
		{067FEDB4-998D-4EFB-A2F4-70DC705264E1}.Release|x86.ActiveCfg = Release|Win32
		{067FEDB4-998D-4EFB-A2F4-70DC705264E1}.Release|x86.Build.0 = Release|Win32
		{067FEDB4-998D-4EFB-A2F4-70DC705264E1}.ReleaseWithoutAsm|Itanium.ActiveCfg = Release|x64
		{067FEDB4-998D-4EFB-A2F4-70DC705264E1}.ReleaseWithoutAsm|Itanium.Build.0 = Release|x64
		{067FEDB4-998D-4EFB-A2F4-70DC705264E1}.ReleaseWithoutAsm|x64.ActiveCfg = Release|x64
		{067FEDB4-998D-4EFB-A2F4-70DC705264E1}.ReleaseWithoutAsm|x64.Build.0 = Release|x64
		{067FEDB4-998D-4EFB-A2F4-70DC705264E1}.ReleaseWithoutAsm|x86.ActiveCfg = Release|Win32
		{067FEDB4-998D-4EFB-A2F4-70DC705264E1}.ReleaseWithoutAsm|x86.Build.0 = Release|Win32
		{067FEDB4-998D-4EFB-A2F4-70DC705264E1}.Trace|Itanium.ActiveCfg = Debug|x64
		{067FEDB4-998D-4EFB-A2F4-70DC705264E1}.Trace|Itanium.Build.0 = Debug|x64
		{067FEDB4-998D-4EFB-A2F4-70DC705264E1}.Trace|x64.ActiveCfg = Debug|x64
		{067FEDB4-998D-4EFB-A2F4-70DC705264E1}.Trace|x64.Build.0 = Debug|x64
		{067FEDB4-998D-4EFB-A2F4-70DC705264E1}.Trace|x86.ActiveCfg = Debug|Win32
		{067FEDB4-998D-4EFB-A2F4-70DC705264E1}.Trace|x86.Build.0 = Debug|Win32
		{846F8EF1-64D7-4E89-96EE-EDD591438DBF}.Debug|Itanium.ActiveCfg = Debug|x64
		{846F8EF1-64D7-4E89-96EE-EDD591438DBF}.Debug|Itanium.Build.0 = Debug|x64
		{846F8EF1-64D7-4E89-96EE-EDD591438DBF}.Debug|x64.ActiveCfg = Debug|x64
		{846F8EF1-64D7-4E89-96EE-EDD591438DBF}.Debug|x64.Build.0 = Debug|x64
		{846F8EF1-64D7-4E89-96EE-EDD591438DBF}.Debug|x86.ActiveCfg = Debug|Win32
		{846F8EF1-64D7-4E89-96EE-EDD591438DBF}.Debug|x86.Build.0 = Debug|Win32
		{846F8EF1-64D7-4E89-96EE-EDD591438DBF}.Release|Itanium.ActiveCfg = Release|x64
		{846F8EF1-64D7-4E89-96EE-EDD591438DBF}.Release|Itanium.Build.0 = Release|x64
		{846F8EF1-64D7-4E89-96EE-EDD591438DBF}.Release|x64.ActiveCfg = Release|x64
		{846F8EF1-64D7-4E89-96EE-EDD591438DBF}.Release|x64.Build.0 = Release|x64
		{846F8EF1-64D7-4E89-96EE-EDD591438DBF}.Release|x86.ActiveCfg = Release|Win32
		{846F8EF1-64D7-4E89-96EE-EDD591438DBF}.Release|x86.Build.0 = Release|Win32
		{846F8EF1-64D7-4E89-96EE-EDD591438DBF}.ReleaseWithoutAsm|Itanium.ActiveCfg = Release|x64
		{846F8EF1-64D7-4E89-96EE-EDD591438DBF}.ReleaseWithoutAsm|Itanium.Build.0 = Release|x64
		{846F8EF1-64D7-4E89-96EE-EDD591438DBF}.ReleaseWithoutAsm|x64.ActiveCfg = Release|x64
		{846F8EF1-64D7-4E89-96EE-EDD591438DBF}.ReleaseWithoutAsm|x64.Build.0 = Release|x64
		{846F8EF1-64D7-4E89-96EE-EDD591438DBF}.ReleaseWithoutAsm|x86.ActiveCfg = Release|Win32
		{846F8EF1-64D7-4E89-96EE-EDD591438DBF}.ReleaseWithoutAsm|x86.Build.0 = Release|Win32
		{846F8EF1-64D7-4E89-96EE-EDD591438DBF}.Trace|Itanium.ActiveCfg = Debug|x64
		{846F8EF1-64D7-4E89-96EE-EDD591438DBF}.Trace|Itanium.Build.0 = Debug|x64
		{846F8EF1-64D7-4E89-96EE-EDD591438DBF}.Trace|x64.ActiveCfg = Debug|x64
		{846F8EF1-64D7-4E89-96EE-EDD591438DBF}.Trace|x64.Build.0 = Debug|x64
		{846F8EF1-64D7-4E89-96EE-EDD591438DBF}.Trace|x86.ActiveCfg = Debug|Win32
		{846F8EF1-64D7-4E89-96EE-EDD591438DBF}.Trace|x86.Build.0 = Debug|Win32
		{6FC35BCD-46FA-4130-92FF-2154BEB3D635}.Debug|Itanium.ActiveCfg = Debug|x64
		{6FC35BCD-46FA-4130-92FF-2154BEB3D635}.Debug|Itanium.Build.0 = Debug|x64
		{6FC35BCD-46FA-4130-92FF-2154BEB3D635}.Debug|x64.ActiveCfg = Debug|x64
		{6FC35BCD-46FA-4130-92FF-2154BEB3D635}.Debug|x64.Build.0 = Debug|x64
		{6FC35BCD-46FA-4130-92FF-2154BEB3D635}.Debug|x86.ActiveCfg = Debug|Win32
		{6FC35BCD-46FA-4130-92FF-2154BEB3D635}.Debug|x86.Build.0 = Debug|Win32
		{6FC35BCD-46FA-4130-92FF-2154BEB3D635}.Release|Itanium.ActiveCfg = Release|x64
		{6FC35BCD-46FA-4130-92FF-2154BEB3D635}.Release|Itanium.Build.0 = Release|x64
		{6FC35BCD-46FA-4130-92FF-2154BEB3D635}.Release|x64.ActiveCfg = Release|x64
		{6FC35BCD-46FA-4130-92FF-2154BEB3D635}.Release|x64.Build.0 = Release|x64
		{6FC35BCD-46FA-4130-92FF-2154BEB3D635}.Release|x86.ActiveCfg = Release|Win32
		{6FC35BCD-46FA-4130-92FF-2154BEB3D635}.Release|x86.Build.0 = Release|Win32
		{6FC35BCD-46FA-4130-92FF-2154BEB3D635}.ReleaseWithoutAsm|Itanium.ActiveCfg = Release|x64
		{6FC35BCD-46FA-4130-92FF-2154BEB3D635}.ReleaseWithoutAsm|Itanium.Build.0 = Release|x64
		{6FC35BCD-46FA-4130-92FF-2154BEB3D635}.ReleaseWithoutAsm|x64.ActiveCfg = Release|x64
		{6FC35BCD-46FA-4130-92FF-2154BEB3D635}.ReleaseWithoutAsm|x64.Build.0 = Release|x64
		{6FC35BCD-46FA-4130-92FF-2154BEB3D635}.ReleaseWithoutAsm|x86.ActiveCfg = Release|Win32
		{6FC35BCD-46FA-4130-92FF-2154BEB3D635}.ReleaseWithoutAsm|x86.Build.0 = Release|Win32
		{6FC35BCD-46FA-4130-92FF-2154BEB3D635}.Trace|Itanium.ActiveCfg = Debug|x64
		{6FC35BCD-46FA-4130-92FF-2154BEB3D635}.Trace|Itanium.Build.0 = Debug|x64
		{6FC35BCD-46FA-4130-92FF-2154BEB3D635}.Trace|x64.ActiveCfg = Debug|x64
		{6FC35BCD-46FA-4130-92FF-2154BEB3D635}.Trace|x64.Build.0 = Debug|x64
		{6FC35BCD-46FA-4130-92FF-2154BEB3D635}.Trace|x86.ActiveCfg = Debug|Win32
		{6FC35BCD-46FA-4130-92FF-2154BEB3D635}.Trace|x86.Build.0 = Debug|Win32
		{1530E50E-63F1-4445-A612-319AC0CA1D7D}.Debug|Itanium.ActiveCfg = Debug|x64
		{1530E50E-63F1-4445-A612-319AC0CA1D7D}.Debug|Itanium.Build.0 = Debug|x64
		{1530E50E-63F1-4445-A612-319AC0CA1D7D}.Debug|x64.ActiveCfg = Debug|x64
		{1530E50E-63F1-4445-A612-319AC0CA1D7D}.Debug|x64.Build.0 = Debug|x64
		{1530E50E-63F1-4445-A612-319AC0CA1D7D}.Debug|x86.ActiveCfg = Debug|Win32
		{1530E50E-63F1-4445-A612-319AC0CA1D7D}.Debug|x86.Build.0 = Debug|Win32
		{1530E50E-63F1-4445-A612-319AC0CA1D7D}.Release|Itanium.ActiveCfg = Release|x64
		{1530E50E-63F1-4445-A612-319AC0CA1D7D}.Release|Itanium.Build.0 = Release|x64
		{1530E50E-63F1-4445-A612-319AC0CA1D7D}.Release|x64.ActiveCfg = Release|x64
		{1530E50E-63F1-4445-A612-319AC0CA1D7D}.Release|x64.Build.0 = Release|x64
		{1530E50E-63F1-4445-A612-319AC0CA1D7D}.Release|x86.ActiveCfg = Release|Win32
		{1530E50E-63F1-4445-A612-319AC0CA1D7D}.Release|x86.Build.0 = Release|Win32
		{1530E50E-63F1-4445-A612-319AC0CA1D7D}.ReleaseWithoutAsm|Itanium.ActiveCfg = Release|x64
		{1530E50E-63F1-4445-A612-319AC0CA1D7D}.ReleaseWithoutAsm|Itanium.Build.0 = Release|x64
		{1530E50E-63F1-4445-A612-319AC0CA1D7D}.ReleaseWithoutAsm|x64.ActiveCfg = Release|x64
		{1530E50E-63F1-4445-A612-319AC0CA1D7D}.ReleaseWithoutAsm|x64.Build.0 = Release|x64
		{1530E50E-63F1-4445-A612-319AC0CA1D7D}.ReleaseWithoutAsm|x86.ActiveCfg = Release|Win32
		{1530E50E-63F1-4445-A612-319AC0CA1D7D}.ReleaseWithoutAsm|x86.Build.0 = Release|Win32
		{1530E50E-63F1-4445-A612-319AC0CA1D7D}.Trace|Itanium.ActiveCfg = Debug|x64
		{1530E50E-63F1-4445-A612-319AC0CA1D7D}.Trace|Itanium.Build.0 = Debug|x64
		{1530E50E-63F1-4445-A612-319AC0CA1D7D}.Trace|x64.ActiveCfg = Debug|x64
		{1530E50E-63F1-4445-A612-319AC0CA1D7D}.Trace|x64.Build.0 = Debug|x64
		{1530E50E-63F1-4445-A612-319AC0CA1D7D}.Trace|x86.ActiveCfg = Debug|Win32
		{1530E50E-63F1-4445-A612-319AC0CA1D7D}.Trace|x86.Build.0 = Debug|Win32
		{679D89A0-4E43-4CF7-8E81-ACC6B357E222}.Debug|Itanium.ActiveCfg = Debug|x64
		{679D89A0-4E43-4CF7-8E81-ACC6B357E222}.Debug|Itanium.Build.0 = Debug|x64
		{679D89A0-4E43-4CF7-8E81-ACC6B357E222}.Debug|x64.ActiveCfg = Debug|x64
		{679D89A0-4E43-4CF7-8E81-ACC6B357E222}.Debug|x64.Build.0 = Debug|x64
		{679D89A0-4E43-4CF7-8E81-ACC6B357E222}.Debug|x86.ActiveCfg = Debug|Win32
		{679D89A0-4E43-4CF7-8E81-ACC6B357E222}.Debug|x86.Build.0 = Debug|Win32
		{679D89A0-4E43-4CF7-8E81-ACC6B357E222}.Release|Itanium.ActiveCfg = Release|x64
		{679D89A0-4E43-4CF7-8E81-ACC6B357E222}.Release|Itanium.Build.0 = Release|x64
		{679D89A0-4E43-4CF7-8E81-ACC6B357E222}.Release|x64.ActiveCfg = Release|x64
		{679D89A0-4E43-4CF7-8E81-ACC6B357E222}.Release|x64.Build.0 = Release|x64
		{679D89A0-4E43-4CF7-8E81-ACC6B357E222}.Release|x86.ActiveCfg = Release|Win32
		{679D89A0-4E43-4CF7-8E81-ACC6B357E222}.Release|x86.Build.0 = Release|Win32
		{679D89A0-4E43-4CF7-8E81-ACC6B357E222}.ReleaseWithoutAsm|Itanium.ActiveCfg = Release|x64
		{679D89A0-4E43-4CF7-8E81-ACC6B357E222}.ReleaseWithoutAsm|Itanium.Build.0 = Release|x64
		{679D89A0-4E43-4CF7-8E81-ACC6B357E222}.ReleaseWithoutAsm|x64.ActiveCfg = Release|x64
		{679D89A0-4E43-4CF7-8E81-ACC6B357E222}.ReleaseWithoutAsm|x64.Build.0 = Release|x64
		{679D89A0-4E43-4CF7-8E81-ACC6B357E222}.ReleaseWithoutAsm|x86.ActiveCfg = Release|Win32
		{679D89A0-4E43-4CF7-8E81-ACC6B357E222}.ReleaseWithoutAsm|x86.Build.0 = Release|Win32
		{679D89A0-4E43-4CF7-8E81-ACC6B357E222}.Trace|Itanium.ActiveCfg = Debug|x64
		{679D89A0-4E43-4CF7-8E81-ACC6B357E222}.Trace|Itanium.Build.0 = Debug|x64
		{679D89A0-4E43-4CF7-8E81-ACC6B357E222}.Trace|x64.ActiveCfg = Debug|x64
		{679D89A0-4E43-4CF7-8E81-ACC6B357E222}.Trace|x64.Build.0 = Debug|x64
		{679D89A0-4E43-4CF7-8E81-ACC6B357E222}.Trace|x86.ActiveCfg = Debug|Win32
		{679D89A0-4E43-4CF7-8E81-ACC6B357E222}.Trace|x86.Build.0 = Debug|Win32
		{E075016C-E5BA-46F8-B99D-82168D13CA4D}.Debug|Itanium.ActiveCfg = Debug|x64
		{E075016C-E5BA-46F8-B99D-82168D13CA4D}.Debug|Itanium.Build.0 = Debug|x64
		{E075016C-E5BA-46F8-B99D-82168D13CA4D}.Debug|x64.ActiveCfg = Debug|x64
		{E075016C-E5BA-46F8-B99D-82168D13CA4D}.Debug|x64.Build.0 = Debug|x64
		{E075016C-E5BA-46F8-B99D-82168D13CA4D}.Debug|x86.ActiveCfg = Debug|Win32
		{E075016C-E5BA-46F8-B99D-82168D13CA4D}.Debug|x86.Build.0 = Debug|Win32
		{E075016C-E5BA-46F8-B99D-82168D13CA4D}.Release|Itanium.ActiveCfg = Release|x64
		{E075016C-E5BA-46F8-B99D-82168D13CA4D}.Release|Itanium.Build.0 = Release|x64
		{E075016C-E5BA-46F8-B99D-82168D13CA4D}.Release|x64.ActiveCfg = Release|x64
		{E075016C-E5BA-46F8-B99D-82168D13CA4D}.Release|x64.Build.0 = Release|x64
		{E075016C-E5BA-46F8-B99D-82168D13CA4D}.Release|x86.ActiveCfg = Release|Win32
		{E075016C-E5BA-46F8-B99D-82168D13CA4D}.Release|x86.Build.0 = Release|Win32
		{E075016C-E5BA-46F8-B99D-82168D13CA4D}.ReleaseWithoutAsm|Itanium.ActiveCfg = Release|x64
		{E075016C-E5BA-46F8-B99D-82168D13CA4D}.ReleaseWithoutAsm|Itanium.Build.0 = Release|x64
		{E075016C-E5BA-46F8-B99D-82168D13CA4D}.ReleaseWithoutAsm|x64.ActiveCfg = Release|x64
		{E075016C-E5BA-46F8-B99D-82168D13CA4D}.ReleaseWithoutAsm|x64.Build.0 = Release|x64
		{E075016C-E5BA-46F8-B99D-82168D13CA4D}.ReleaseWithoutAsm|x86.ActiveCfg = Release|Win32
		{E075016C-E5BA-46F8-B99D-82168D13CA4D}.ReleaseWithoutAsm|x86.Build.0 = Release|Win32
		{E075016C-E5BA-46F8-B99D-82168D13CA4D}.Trace|Itanium.ActiveCfg = Debug|x64
		{E075016C-E5BA-46F8-B99D-82168D13CA4D}.Trace|Itanium.Build.0 = Debug|x64
		{E075016C-E5BA-46F8-B99D-82168D13CA4D}.Trace|x64.ActiveCfg = Debug|x64
		{E075016C-E5BA-46F8-B99D-82168D13CA4D}.Trace|x64.Build.0 = Debug|x64
		{E075016C-E5BA-46F8-B99D-82168D13CA4D}.Trace|x86.ActiveCfg = Debug|Win32
		{E075016C-E5BA-46F8-B99D-82168D13CA4D}.Trace|x86.Build.0 = Debug|Win32
		{F9426554-E003-4B1D-9431-04A894271DCA}.Debug|Itanium.ActiveCfg = Debug|x64
		{F9426554-E003-4B1D-9431-04A894271DCA}.Debug|Itanium.Build.0 = Debug|x64
		{F9426554-E003-4B1D-9431-04A894271DCA}.Debug|x64.ActiveCfg = Debug|x64
		{F9426554-E003-4B1D-9431-04A894271DCA}.Debug|x64.Build.0 = Debug|x64
		{F9426554-E003-4B1D-9431-04A894271DCA}.Debug|x86.ActiveCfg = Debug|Win32
		{F9426554-E003-4B1D-9431-04A894271DCA}.Debug|x86.Build.0 = Debug|Win32
		{F9426554-E003-4B1D-9431-04A894271DCA}.Release|Itanium.ActiveCfg = Release|x64
		{F9426554-E003-4B1D-9431-04A894271DCA}.Release|Itanium.Build.0 = Release|x64
		{F9426554-E003-4B1D-9431-04A894271DCA}.Release|x64.ActiveCfg = Release|x64
		{F9426554-E003-4B1D-9431-04A894271DCA}.Release|x64.Build.0 = Release|x64
		{F9426554-E003-4B1D-9431-04A894271DCA}.Release|x86.ActiveCfg = Release|Win32
		{F9426554-E003-4B1D-9431-04A894271DCA}.Release|x86.Build.0 = Release|Win32
		{F9426554-E003-4B1D-9431-04A894271DCA}.ReleaseWithoutAsm|Itanium.ActiveCfg = Release|x64
		{F9426554-E003-4B1D-9431-04A894271DCA}.ReleaseWithoutAsm|Itanium.Build.0 = Release|x64
		{F9426554-E003-4B1D-9431-04A894271DCA}.ReleaseWithoutAsm|x64.ActiveCfg = Release|x64
		{F9426554-E003-4B1D-9431-04A894271DCA}.ReleaseWithoutAsm|x64.Build.0 = Release|x64
		{F9426554-E003-4B1D-9431-04A894271DCA}.ReleaseWithoutAsm|x86.ActiveCfg = Release|Win32
		{F9426554-E003-4B1D-9431-04A894271DCA}.ReleaseWithoutAsm|x86.Build.0 = Release|Win32
		{F9426554-E003-4B1D-9431-04A894271DCA}.Trace|Itanium.ActiveCfg = Debug|x64
		{F9426554-E003-4B1D-9431-04A894271DCA}.Trace|Itanium.Build.0 = Debug|x64
		{F9426554-E003-4B1D-9431-04A894271DCA}.Trace|x64.ActiveCfg = Debug|x64
		{F9426554-E003-4B1D-9431-04A894271DCA}.Trace|x64.Build.0 = Debug|x64
		{F9426554-E003-4B1D-9431-04A894271DCA}.Trace|x86.ActiveCfg = Debug|Win32
		{F9426554-E003-4B1D-9431-04A894271DCA}.Trace|x86.Build.0 = Debug|Win32
		{D9913DCB-1325-426C-95B1-F80D2751D081}.Debug|Itanium.ActiveCfg = Debug|x64
		{D9913DCB-1325-426C-95B1-F80D2751D081}.Debug|Itanium.Build.0 = Debug|x64
		{D9913DCB-1325-426C-95B1-F80D2751D081}.Debug|x64.ActiveCfg = Debug|x64
		{D9913DCB-1325-426C-95B1-F80D2751D081}.Debug|x64.Build.0 = Debug|x64
		{D9913DCB-1325-426C-95B1-F80D2751D081}.Debug|x86.ActiveCfg = Debug|Win32
		{D9913DCB-1325-426C-95B1-F80D2751D081}.Debug|x86.Build.0 = Debug|Win32
		{D9913DCB-1325-426C-95B1-F80D2751D081}.Release|Itanium.ActiveCfg = Release|x64
		{D9913DCB-1325-426C-95B1-F80D2751D081}.Release|Itanium.Build.0 = Release|x64
		{D9913DCB-1325-426C-95B1-F80D2751D081}.Release|x64.ActiveCfg = Release|x64
		{D9913DCB-1325-426C-95B1-F80D2751D081}.Release|x64.Build.0 = Release|x64
		{D9913DCB-1325-426C-95B1-F80D2751D081}.Release|x86.ActiveCfg = Release|Win32
		{D9913DCB-1325-426C-95B1-F80D2751D081}.Release|x86.Build.0 = Release|Win32
		{D9913DCB-1325-426C-95B1-F80D2751D081}.ReleaseWithoutAsm|Itanium.ActiveCfg = Release|x64
		{D9913DCB-1325-426C-95B1-F80D2751D081}.ReleaseWithoutAsm|Itanium.Build.0 = Release|x64
		{D9913DCB-1325-426C-95B1-F80D2751D081}.ReleaseWithoutAsm|x64.ActiveCfg = Release|x64
		{D9913DCB-1325-426C-95B1-F80D2751D081}.ReleaseWithoutAsm|x64.Build.0 = Release|x64
		{D9913DCB-1325-426C-95B1-F80D2751D081}.ReleaseWithoutAsm|x86.ActiveCfg = Release|Win32
		{D9913DCB-1325-426C-95B1-F80D2751D081}.ReleaseWithoutAsm|x86.Build.0 = Release|Win32
		{D9913DCB-1325-426C-95B1-F80D2751D081}.Trace|Itanium.ActiveCfg = Debug|x64
		{D9913DCB-1325-426C-95B1-F80D2751D081}.Trace|Itanium.Build.0 = Debug|x64
		{D9913DCB-1325-426C-95B1-F80D2751D081}.Trace|x64.ActiveCfg = Debug|x64
		{D9913DCB-1325-426C-95B1-F80D2751D081}.Trace|x64.Build.0 = Debug|x64
		{D9913DCB-1325-426C-95B1-F80D2751D081}.Trace|x86.ActiveCfg = Debug|Win32
		{D9913DCB-1325-426C-95B1-F80D2751D081}.Trace|x86.Build.0 = Debug|Win32
		{1762C93E-3089-461C-AD9E-B8B76DFB60B1}.Debug|Itanium.ActiveCfg = Debug|x64
		{1762C93E-3089-461C-AD9E-B8B76DFB60B1}.Debug|Itanium.Build.0 = Debug|x64
		{1762C93E-3089-461C-AD9E-B8B76DFB60B1}.Debug|x64.ActiveCfg = Debug|x64
		{1762C93E-3089-461C-AD9E-B8B76DFB60B1}.Debug|x64.Build.0 = Debug|x64
		{1762C93E-3089-461C-AD9E-B8B76DFB60B1}.Debug|x86.ActiveCfg = Debug|Win32
		{1762C93E-3089-461C-AD9E-B8B76DFB60B1}.Debug|x86.Build.0 = Debug|Win32
		{1762C93E-3089-461C-AD9E-B8B76DFB60B1}.Release|Itanium.ActiveCfg = Release|x64
		{1762C93E-3089-461C-AD9E-B8B76DFB60B1}.Release|Itanium.Build.0 = Release|x64
		{1762C93E-3089-461C-AD9E-B8B76DFB60B1}.Release|x64.ActiveCfg = Release|x64
		{1762C93E-3089-461C-AD9E-B8B76DFB60B1}.Release|x64.Build.0 = Release|x64
		{1762C93E-3089-461C-AD9E-B8B76DFB60B1}.Release|x86.ActiveCfg = Release|Win32
		{1762C93E-3089-461C-AD9E-B8B76DFB60B1}.Release|x86.Build.0 = Release|Win32
		{1762C93E-3089-461C-AD9E-B8B76DFB60B1}.ReleaseWithoutAsm|Itanium.ActiveCfg = Release|x64
		{1762C93E-3089-461C-AD9E-B8B76DFB60B1}.ReleaseWithoutAsm|Itanium.Build.0 = Release|x64
		{1762C93E-3089-461C-AD9E-B8B76DFB60B1}.ReleaseWithoutAsm|x64.ActiveCfg = Release|x64
		{1762C93E-3089-461C-AD9E-B8B76DFB60B1}.ReleaseWithoutAsm|x64.Build.0 = Release|x64
		{1762C93E-3089-461C-AD9E-B8B76DFB60B1}.ReleaseWithoutAsm|x86.ActiveCfg = Release|Win32
		{1762C93E-3089-461C-AD9E-B8B76DFB60B1}.ReleaseWithoutAsm|x86.Build.0 = Release|Win32
		{1762C93E-3089-461C-AD9E-B8B76DFB60B1}.Trace|Itanium.ActiveCfg = Debug|x64
		{1762C93E-3089-461C-AD9E-B8B76DFB60B1}.Trace|Itanium.Build.0 = Debug|x64
		{1762C93E-3089-461C-AD9E-B8B76DFB60B1}.Trace|x64.ActiveCfg = Debug|x64
		{1762C93E-3089-461C-AD9E-B8B76DFB60B1}.Trace|x64.Build.0 = Debug|x64
		{1762C93E-3089-461C-AD9E-B8B76DFB60B1}.Trace|x86.ActiveCfg = Debug|Win32
		{1762C93E-3089-461C-AD9E-B8B76DFB60B1}.Trace|x86.Build.0 = Debug|Win32
		{585EA78C-3203-4208-AFF5-998A693E6013}.Debug|Itanium.ActiveCfg = Debug|x64
		{585EA78C-3203-4208-AFF5-998A693E6013}.Debug|Itanium.Build.0 = Debug|x64
		{585EA78C-3203-4208-AFF5-998A693E6013}.Debug|x64.ActiveCfg = Debug|x64
		{585EA78C-3203-4208-AFF5-998A693E6013}.Debug|x64.Build.0 = Debug|x64
		{585EA78C-3203-4208-AFF5-998A693E6013}.Debug|x86.ActiveCfg = Debug|Win32
		{585EA78C-3203-4208-AFF5-998A693E6013}.Debug|x86.Build.0 = Debug|Win32
		{585EA78C-3203-4208-AFF5-998A693E6013}.Release|Itanium.ActiveCfg = Release|x64
		{585EA78C-3203-4208-AFF5-998A693E6013}.Release|Itanium.Build.0 = Release|x64
		{585EA78C-3203-4208-AFF5-998A693E6013}.Release|x64.ActiveCfg = Release|x64
		{585EA78C-3203-4208-AFF5-998A693E6013}.Release|x64.Build.0 = Release|x64
		{585EA78C-3203-4208-AFF5-998A693E6013}.Release|x86.ActiveCfg = Release|Win32
		{585EA78C-3203-4208-AFF5-998A693E6013}.Release|x86.Build.0 = Release|Win32
		{585EA78C-3203-4208-AFF5-998A693E6013}.ReleaseWithoutAsm|Itanium.ActiveCfg = Release|x64
		{585EA78C-3203-4208-AFF5-998A693E6013}.ReleaseWithoutAsm|Itanium.Build.0 = Release|x64
		{585EA78C-3203-4208-AFF5-998A693E6013}.ReleaseWithoutAsm|x64.ActiveCfg = Release|x64
		{585EA78C-3203-4208-AFF5-998A693E6013}.ReleaseWithoutAsm|x64.Build.0 = Release|x64
		{585EA78C-3203-4208-AFF5-998A693E6013}.ReleaseWithoutAsm|x86.ActiveCfg = Release|Win32
		{585EA78C-3203-4208-AFF5-998A693E6013}.ReleaseWithoutAsm|x86.Build.0 = Release|Win32
		{585EA78C-3203-4208-AFF5-998A693E6013}.Trace|Itanium.ActiveCfg = Debug|x64
		{585EA78C-3203-4208-AFF5-998A693E6013}.Trace|Itanium.Build.0 = Debug|x64
		{585EA78C-3203-4208-AFF5-998A693E6013}.Trace|x64.ActiveCfg = Debug|x64
		{585EA78C-3203-4208-AFF5-998A693E6013}.Trace|x64.Build.0 = Debug|x64
		{585EA78C-3203-4208-AFF5-998A693E6013}.Trace|x86.ActiveCfg = Debug|Win32
		{585EA78C-3203-4208-AFF5-998A693E6013}.Trace|x86.Build.0 = Debug|Win32
		{99D0A844-4EE3-4C0A-9EEB-45EB9FEDCA05}.Debug|Itanium.ActiveCfg = Debug|x64
		{99D0A844-4EE3-4C0A-9EEB-45EB9FEDCA05}.Debug|Itanium.Build.0 = Debug|x64
		{99D0A844-4EE3-4C0A-9EEB-45EB9FEDCA05}.Debug|x64.ActiveCfg = Debug|x64
		{99D0A844-4EE3-4C0A-9EEB-45EB9FEDCA05}.Debug|x64.Build.0 = Debug|x64
		{99D0A844-4EE3-4C0A-9EEB-45EB9FEDCA05}.Debug|x86.ActiveCfg = Debug|Win32
		{99D0A844-4EE3-4C0A-9EEB-45EB9FEDCA05}.Debug|x86.Build.0 = Debug|Win32
		{99D0A844-4EE3-4C0A-9EEB-45EB9FEDCA05}.Release|Itanium.ActiveCfg = Release|x64
		{99D0A844-4EE3-4C0A-9EEB-45EB9FEDCA05}.Release|Itanium.Build.0 = Release|x64
		{99D0A844-4EE3-4C0A-9EEB-45EB9FEDCA05}.Release|x64.ActiveCfg = Release|x64
		{99D0A844-4EE3-4C0A-9EEB-45EB9FEDCA05}.Release|x64.Build.0 = Release|x64
		{99D0A844-4EE3-4C0A-9EEB-45EB9FEDCA05}.Release|x86.ActiveCfg = Release|Win32
		{99D0A844-4EE3-4C0A-9EEB-45EB9FEDCA05}.Release|x86.Build.0 = Release|Win32
		{99D0A844-4EE3-4C0A-9EEB-45EB9FEDCA05}.ReleaseWithoutAsm|Itanium.ActiveCfg = Release|x64
		{99D0A844-4EE3-4C0A-9EEB-45EB9FEDCA05}.ReleaseWithoutAsm|Itanium.Build.0 = Release|x64
		{99D0A844-4EE3-4C0A-9EEB-45EB9FEDCA05}.ReleaseWithoutAsm|x64.ActiveCfg = Release|x64
		{99D0A844-4EE3-4C0A-9EEB-45EB9FEDCA05}.ReleaseWithoutAsm|x64.Build.0 = Release|x64
		{99D0A844-4EE3-4C0A-9EEB-45EB9FEDCA05}.ReleaseWithoutAsm|x86.ActiveCfg = Release|Win32
		{99D0A844-4EE3-4C0A-9EEB-45EB9FEDCA05}.ReleaseWithoutAsm|x86.Build.0 = Release|Win32
		{99D0A844-4EE3-4C0A-9EEB-45EB9FEDCA05}.Trace|Itanium.ActiveCfg = Debug|x64
		{99D0A844-4EE3-4C0A-9EEB-45EB9FEDCA05}.Trace|Itanium.Build.0 = Debug|x64
		{99D0A844-4EE3-4C0A-9EEB-45EB9FEDCA05}.Trace|x64.ActiveCfg = Debug|x64
		{99D0A844-4EE3-4C0A-9EEB-45EB9FEDCA05}.Trace|x64.Build.0 = Debug|x64
		{99D0A844-4EE3-4C0A-9EEB-45EB9FEDCA05}.Trace|x86.ActiveCfg = Debug|Win32
		{99D0A844-4EE3-4C0A-9EEB-45EB9FEDCA05}.Trace|x86.Build.0 = Debug|Win32
		{229DE3F8-FA43-4EE2-8370-4D3C8ED47875}.Debug|Itanium.ActiveCfg = Debug|x64
		{229DE3F8-FA43-4EE2-8370-4D3C8ED47875}.Debug|Itanium.Build.0 = Debug|x64
		{229DE3F8-FA43-4EE2-8370-4D3C8ED47875}.Debug|x64.ActiveCfg = Debug|x64
		{229DE3F8-FA43-4EE2-8370-4D3C8ED47875}.Debug|x64.Build.0 = Debug|x64
		{229DE3F8-FA43-4EE2-8370-4D3C8ED47875}.Debug|x86.ActiveCfg = Debug|Win32
		{229DE3F8-FA43-4EE2-8370-4D3C8ED47875}.Debug|x86.Build.0 = Debug|Win32
		{229DE3F8-FA43-4EE2-8370-4D3C8ED47875}.Release|Itanium.ActiveCfg = Release|x64
		{229DE3F8-FA43-4EE2-8370-4D3C8ED47875}.Release|Itanium.Build.0 = Release|x64
		{229DE3F8-FA43-4EE2-8370-4D3C8ED47875}.Release|x64.ActiveCfg = Release|x64
		{229DE3F8-FA43-4EE2-8370-4D3C8ED47875}.Release|x64.Build.0 = Release|x64
		{229DE3F8-FA43-4EE2-8370-4D3C8ED47875}.Release|x86.ActiveCfg = Release|Win32
		{229DE3F8-FA43-4EE2-8370-4D3C8ED47875}.Release|x86.Build.0 = Release|Win32
		{229DE3F8-FA43-4EE2-8370-4D3C8ED47875}.ReleaseWithoutAsm|Itanium.ActiveCfg = Release|x64
		{229DE3F8-FA43-4EE2-8370-4D3C8ED47875}.ReleaseWithoutAsm|Itanium.Build.0 = Release|x64
		{229DE3F8-FA43-4EE2-8370-4D3C8ED47875}.ReleaseWithoutAsm|x64.ActiveCfg = Release|x64
		{229DE3F8-FA43-4EE2-8370-4D3C8ED47875}.ReleaseWithoutAsm|x64.Build.0 = Release|x64
		{229DE3F8-FA43-4EE2-8370-4D3C8ED47875}.ReleaseWithoutAsm|x86.ActiveCfg = Release|Win32
		{229DE3F8-FA43-4EE2-8370-4D3C8ED47875}.ReleaseWithoutAsm|x86.Build.0 = Release|Win32
		{229DE3F8-FA43-4EE2-8370-4D3C8ED47875}.Trace|Itanium.ActiveCfg = Debug|x64
		{229DE3F8-FA43-4EE2-8370-4D3C8ED47875}.Trace|Itanium.Build.0 = Debug|x64
		{229DE3F8-FA43-4EE2-8370-4D3C8ED47875}.Trace|x64.ActiveCfg = Debug|x64
		{229DE3F8-FA43-4EE2-8370-4D3C8ED47875}.Trace|x64.Build.0 = Debug|x64
		{229DE3F8-FA43-4EE2-8370-4D3C8ED47875}.Trace|x86.ActiveCfg = Debug|Win32
		{229DE3F8-FA43-4EE2-8370-4D3C8ED47875}.Trace|x86.Build.0 = Debug|Win32
		{8816FEEE-17B7-4A20-963A-66BFA236B867}.Debug|Itanium.ActiveCfg = Debug|x64
		{8816FEEE-17B7-4A20-963A-66BFA236B867}.Debug|Itanium.Build.0 = Debug|x64
		{8816FEEE-17B7-4A20-963A-66BFA236B867}.Debug|x64.ActiveCfg = Debug|x64
		{8816FEEE-17B7-4A20-963A-66BFA236B867}.Debug|x64.Build.0 = Debug|x64
		{8816FEEE-17B7-4A20-963A-66BFA236B867}.Debug|x86.ActiveCfg = Debug|Win32
		{8816FEEE-17B7-4A20-963A-66BFA236B867}.Debug|x86.Build.0 = Debug|Win32
		{8816FEEE-17B7-4A20-963A-66BFA236B867}.Release|Itanium.ActiveCfg = Release|x64
		{8816FEEE-17B7-4A20-963A-66BFA236B867}.Release|Itanium.Build.0 = Release|x64
		{8816FEEE-17B7-4A20-963A-66BFA236B867}.Release|x64.ActiveCfg = Release|x64
		{8816FEEE-17B7-4A20-963A-66BFA236B867}.Release|x64.Build.0 = Release|x64
		{8816FEEE-17B7-4A20-963A-66BFA236B867}.Release|x86.ActiveCfg = Release|Win32
		{8816FEEE-17B7-4A20-963A-66BFA236B867}.Release|x86.Build.0 = Release|Win32
		{8816FEEE-17B7-4A20-963A-66BFA236B867}.ReleaseWithoutAsm|Itanium.ActiveCfg = Release|x64
		{8816FEEE-17B7-4A20-963A-66BFA236B867}.ReleaseWithoutAsm|Itanium.Build.0 = Release|x64
		{8816FEEE-17B7-4A20-963A-66BFA236B867}.ReleaseWithoutAsm|x64.ActiveCfg = Release|x64
		{8816FEEE-17B7-4A20-963A-66BFA236B867}.ReleaseWithoutAsm|x64.Build.0 = Release|x64
		{8816FEEE-17B7-4A20-963A-66BFA236B867}.ReleaseWithoutAsm|x86.ActiveCfg = Release|Win32
		{8816FEEE-17B7-4A20-963A-66BFA236B867}.ReleaseWithoutAsm|x86.Build.0 = Release|Win32
		{8816FEEE-17B7-4A20-963A-66BFA236B867}.Trace|Itanium.ActiveCfg = Debug|x64
		{8816FEEE-17B7-4A20-963A-66BFA236B867}.Trace|Itanium.Build.0 = Debug|x64
		{8816FEEE-17B7-4A20-963A-66BFA236B867}.Trace|x64.ActiveCfg = Debug|x64
		{8816FEEE-17B7-4A20-963A-66BFA236B867}.Trace|x64.Build.0 = Debug|x64
		{8816FEEE-17B7-4A20-963A-66BFA236B867}.Trace|x86.ActiveCfg = Debug|Win32
		{8816FEEE-17B7-4A20-963A-66BFA236B867}.Trace|x86.Build.0 = Debug|Win32
		{91BAB5CC-044E-4A06-9F74-9FEBA4405539}.Debug|Itanium.ActiveCfg = Debug|x64
		{91BAB5CC-044E-4A06-9F74-9FEBA4405539}.Debug|Itanium.Build.0 = Debug|x64
		{91BAB5CC-044E-4A06-9F74-9FEBA4405539}.Debug|x64.ActiveCfg = Debug|x64
		{91BAB5CC-044E-4A06-9F74-9FEBA4405539}.Debug|x64.Build.0 = Debug|x64
		{91BAB5CC-044E-4A06-9F74-9FEBA4405539}.Debug|x86.ActiveCfg = Debug|Win32
		{91BAB5CC-044E-4A06-9F74-9FEBA4405539}.Debug|x86.Build.0 = Debug|Win32
		{91BAB5CC-044E-4A06-9F74-9FEBA4405539}.Release|Itanium.ActiveCfg = Release|x64
		{91BAB5CC-044E-4A06-9F74-9FEBA4405539}.Release|Itanium.Build.0 = Release|x64
		{91BAB5CC-044E-4A06-9F74-9FEBA4405539}.Release|x64.ActiveCfg = Release|x64
		{91BAB5CC-044E-4A06-9F74-9FEBA4405539}.Release|x64.Build.0 = Release|x64
		{91BAB5CC-044E-4A06-9F74-9FEBA4405539}.Release|x86.ActiveCfg = Release|Win32
		{91BAB5CC-044E-4A06-9F74-9FEBA4405539}.Release|x86.Build.0 = Release|Win32
		{91BAB5CC-044E-4A06-9F74-9FEBA4405539}.ReleaseWithoutAsm|Itanium.ActiveCfg = Release|x64
		{91BAB5CC-044E-4A06-9F74-9FEBA4405539}.ReleaseWithoutAsm|Itanium.Build.0 = Release|x64
		{91BAB5CC-044E-4A06-9F74-9FEBA4405539}.ReleaseWithoutAsm|x64.ActiveCfg = Release|x64
		{91BAB5CC-044E-4A06-9F74-9FEBA4405539}.ReleaseWithoutAsm|x64.Build.0 = Release|x64
		{91BAB5CC-044E-4A06-9F74-9FEBA4405539}.ReleaseWithoutAsm|x86.ActiveCfg = Release|Win32
		{91BAB5CC-044E-4A06-9F74-9FEBA4405539}.ReleaseWithoutAsm|x86.Build.0 = Release|Win32
		{91BAB5CC-044E-4A06-9F74-9FEBA4405539}.Trace|Itanium.ActiveCfg = Debug|x64
		{91BAB5CC-044E-4A06-9F74-9FEBA4405539}.Trace|Itanium.Build.0 = Debug|x64
		{91BAB5CC-044E-4A06-9F74-9FEBA4405539}.Trace|x64.ActiveCfg = Debug|x64
		{91BAB5CC-044E-4A06-9F74-9FEBA4405539}.Trace|x64.Build.0 = Debug|x64
		{91BAB5CC-044E-4A06-9F74-9FEBA4405539}.Trace|x86.ActiveCfg = Debug|Win32
		{91BAB5CC-044E-4A06-9F74-9FEBA4405539}.Trace|x86.Build.0 = Debug|Win32
		{1A33456A-764A-489E-A510-58F61B519D1F}.Debug|Itanium.ActiveCfg = Debug|x64
		{1A33456A-764A-489E-A510-58F61B519D1F}.Debug|Itanium.Build.0 = Debug|x64
		{1A33456A-764A-489E-A510-58F61B519D1F}.Debug|x64.ActiveCfg = Debug|x64
		{1A33456A-764A-489E-A510-58F61B519D1F}.Debug|x64.Build.0 = Debug|x64
		{1A33456A-764A-489E-A510-58F61B519D1F}.Debug|x86.ActiveCfg = Debug|Win32
		{1A33456A-764A-489E-A510-58F61B519D1F}.Debug|x86.Build.0 = Debug|Win32
		{1A33456A-764A-489E-A510-58F61B519D1F}.Release|Itanium.ActiveCfg = Release|x64
		{1A33456A-764A-489E-A510-58F61B519D1F}.Release|Itanium.Build.0 = Release|x64
		{1A33456A-764A-489E-A510-58F61B519D1F}.Release|x64.ActiveCfg = Release|x64
		{1A33456A-764A-489E-A510-58F61B519D1F}.Release|x64.Build.0 = Release|x64
		{1A33456A-764A-489E-A510-58F61B519D1F}.Release|x86.ActiveCfg = Release|Win32
		{1A33456A-764A-489E-A510-58F61B519D1F}.Release|x86.Build.0 = Release|Win32
		{1A33456A-764A-489E-A510-58F61B519D1F}.ReleaseWithoutAsm|Itanium.ActiveCfg = Release|x64
		{1A33456A-764A-489E-A510-58F61B519D1F}.ReleaseWithoutAsm|Itanium.Build.0 = Release|x64
		{1A33456A-764A-489E-A510-58F61B519D1F}.ReleaseWithoutAsm|x64.ActiveCfg = Release|x64
		{1A33456A-764A-489E-A510-58F61B519D1F}.ReleaseWithoutAsm|x64.Build.0 = Release|x64
		{1A33456A-764A-489E-A510-58F61B519D1F}.ReleaseWithoutAsm|x86.ActiveCfg = Release|Win32
		{1A33456A-764A-489E-A510-58F61B519D1F}.ReleaseWithoutAsm|x86.Build.0 = Release|Win32
		{1A33456A-764A-489E-A510-58F61B519D1F}.Trace|Itanium.ActiveCfg = Debug|x64
		{1A33456A-764A-489E-A510-58F61B519D1F}.Trace|Itanium.Build.0 = Debug|x64
		{1A33456A-764A-489E-A510-58F61B519D1F}.Trace|x64.ActiveCfg = Debug|x64
		{1A33456A-764A-489E-A510-58F61B519D1F}.Trace|x64.Build.0 = Debug|x64
		{1A33456A-764A-489E-A510-58F61B519D1F}.Trace|x86.ActiveCfg = Debug|Win32
		{1A33456A-764A-489E-A510-58F61B519D1F}.Trace|x86.Build.0 = Debug|Win32
		{B9D99F1F-69C7-467A-8B2D-2E32B0B66C53}.Debug|Itanium.ActiveCfg = Debug|x64
		{B9D99F1F-69C7-467A-8B2D-2E32B0B66C53}.Debug|Itanium.Build.0 = Debug|x64
		{B9D99F1F-69C7-467A-8B2D-2E32B0B66C53}.Debug|x64.ActiveCfg = Debug|x64
		{B9D99F1F-69C7-467A-8B2D-2E32B0B66C53}.Debug|x64.Build.0 = Debug|x64
		{B9D99F1F-69C7-467A-8B2D-2E32B0B66C53}.Debug|x86.ActiveCfg = Debug|Win32
		{B9D99F1F-69C7-467A-8B2D-2E32B0B66C53}.Debug|x86.Build.0 = Debug|Win32
		{B9D99F1F-69C7-467A-8B2D-2E32B0B66C53}.Release|Itanium.ActiveCfg = Release|x64
		{B9D99F1F-69C7-467A-8B2D-2E32B0B66C53}.Release|Itanium.Build.0 = Release|x64
		{B9D99F1F-69C7-467A-8B2D-2E32B0B66C53}.Release|x64.ActiveCfg = Release|x64
		{B9D99F1F-69C7-467A-8B2D-2E32B0B66C53}.Release|x64.Build.0 = Release|x64
		{B9D99F1F-69C7-467A-8B2D-2E32B0B66C53}.Release|x86.ActiveCfg = Release|Win32
		{B9D99F1F-69C7-467A-8B2D-2E32B0B66C53}.Release|x86.Build.0 = Release|Win32
		{B9D99F1F-69C7-467A-8B2D-2E32B0B66C53}.ReleaseWithoutAsm|Itanium.ActiveCfg = Release|x64
		{B9D99F1F-69C7-467A-8B2D-2E32B0B66C53}.ReleaseWithoutAsm|Itanium.Build.0 = Release|x64
		{B9D99F1F-69C7-467A-8B2D-2E32B0B66C53}.ReleaseWithoutAsm|x64.ActiveCfg = Release|x64
		{B9D99F1F-69C7-467A-8B2D-2E32B0B66C53}.ReleaseWithoutAsm|x64.Build.0 = Release|x64
		{B9D99F1F-69C7-467A-8B2D-2E32B0B66C53}.ReleaseWithoutAsm|x86.ActiveCfg = Release|Win32
		{B9D99F1F-69C7-467A-8B2D-2E32B0B66C53}.ReleaseWithoutAsm|x86.Build.0 = Release|Win32
		{B9D99F1F-69C7-467A-8B2D-2E32B0B66C53}.Trace|Itanium.ActiveCfg = Debug|x64
		{B9D99F1F-69C7-467A-8B2D-2E32B0B66C53}.Trace|Itanium.Build.0 = Debug|x64
		{B9D99F1F-69C7-467A-8B2D-2E32B0B66C53}.Trace|x64.ActiveCfg = Debug|x64
		{B9D99F1F-69C7-467A-8B2D-2E32B0B66C53}.Trace|x64.Build.0 = Debug|x64
		{B9D99F1F-69C7-467A-8B2D-2E32B0B66C53}.Trace|x86.ActiveCfg = Debug|Win32
		{B9D99F1F-69C7-467A-8B2D-2E32B0B66C53}.Trace|x86.Build.0 = Debug|Win32
		{5AF98F03-2215-4A25-B653-733A91E17456}.Debug|Itanium.ActiveCfg = Debug|x64
		{5AF98F03-2215-4A25-B653-733A91E17456}.Debug|Itanium.Build.0 = Debug|x64
		{5AF98F03-2215-4A25-B653-733A91E17456}.Debug|x64.ActiveCfg = Debug|x64
		{5AF98F03-2215-4A25-B653-733A91E17456}.Debug|x64.Build.0 = Debug|x64
		{5AF98F03-2215-4A25-B653-733A91E17456}.Debug|x86.ActiveCfg = Debug|Win32
		{5AF98F03-2215-4A25-B653-733A91E17456}.Debug|x86.Build.0 = Debug|Win32
		{5AF98F03-2215-4A25-B653-733A91E17456}.Release|Itanium.ActiveCfg = Release|x64
		{5AF98F03-2215-4A25-B653-733A91E17456}.Release|Itanium.Build.0 = Release|x64
		{5AF98F03-2215-4A25-B653-733A91E17456}.Release|x64.ActiveCfg = Release|x64
		{5AF98F03-2215-4A25-B653-733A91E17456}.Release|x64.Build.0 = Release|x64
		{5AF98F03-2215-4A25-B653-733A91E17456}.Release|x86.ActiveCfg = Release|Win32
		{5AF98F03-2215-4A25-B653-733A91E17456}.Release|x86.Build.0 = Release|Win32
		{5AF98F03-2215-4A25-B653-733A91E17456}.ReleaseWithoutAsm|Itanium.ActiveCfg = Release|x64
		{5AF98F03-2215-4A25-B653-733A91E17456}.ReleaseWithoutAsm|Itanium.Build.0 = Release|x64
		{5AF98F03-2215-4A25-B653-733A91E17456}.ReleaseWithoutAsm|x64.ActiveCfg = Release|x64
		{5AF98F03-2215-4A25-B653-733A91E17456}.ReleaseWithoutAsm|x64.Build.0 = Release|x64
		{5AF98F03-2215-4A25-B653-733A91E17456}.ReleaseWithoutAsm|x86.ActiveCfg = Release|Win32
		{5AF98F03-2215-4A25-B653-733A91E17456}.ReleaseWithoutAsm|x86.Build.0 = Release|Win32
		{5AF98F03-2215-4A25-B653-733A91E17456}.Trace|Itanium.ActiveCfg = Debug|x64
		{5AF98F03-2215-4A25-B653-733A91E17456}.Trace|Itanium.Build.0 = Debug|x64
		{5AF98F03-2215-4A25-B653-733A91E17456}.Trace|x64.ActiveCfg = Debug|x64
		{5AF98F03-2215-4A25-B653-733A91E17456}.Trace|x64.Build.0 = Debug|x64
		{5AF98F03-2215-4A25-B653-733A91E17456}.Trace|x86.ActiveCfg = Debug|Win32
		{5AF98F03-2215-4A25-B653-733A91E17456}.Trace|x86.Build.0 = Debug|Win32
		{74000EE5-8498-4D10-BEEF-ED5743E01300}.Debug|Itanium.ActiveCfg = Debug|x64
		{74000EE5-8498-4D10-BEEF-ED5743E01300}.Debug|Itanium.Build.0 = Debug|x64
		{74000EE5-8498-4D10-BEEF-ED5743E01300}.Debug|x64.ActiveCfg = Debug|x64
		{74000EE5-8498-4D10-BEEF-ED5743E01300}.Debug|x64.Build.0 = Debug|x64
		{74000EE5-8498-4D10-BEEF-ED5743E01300}.Debug|x86.ActiveCfg = Debug|Win32
		{74000EE5-8498-4D10-BEEF-ED5743E01300}.Debug|x86.Build.0 = Debug|Win32
		{74000EE5-8498-4D10-BEEF-ED5743E01300}.Release|Itanium.ActiveCfg = Release|x64
		{74000EE5-8498-4D10-BEEF-ED5743E01300}.Release|Itanium.Build.0 = Release|x64
		{74000EE5-8498-4D10-BEEF-ED5743E01300}.Release|x64.ActiveCfg = Release|x64
		{74000EE5-8498-4D10-BEEF-ED5743E01300}.Release|x64.Build.0 = Release|x64
		{74000EE5-8498-4D10-BEEF-ED5743E01300}.Release|x86.ActiveCfg = Release|Win32
		{74000EE5-8498-4D10-BEEF-ED5743E01300}.Release|x86.Build.0 = Release|Win32
		{74000EE5-8498-4D10-BEEF-ED5743E01300}.ReleaseWithoutAsm|Itanium.ActiveCfg = Release|x64
		{74000EE5-8498-4D10-BEEF-ED5743E01300}.ReleaseWithoutAsm|Itanium.Build.0 = Release|x64
		{74000EE5-8498-4D10-BEEF-ED5743E01300}.ReleaseWithoutAsm|x64.ActiveCfg = Release|x64
		{74000EE5-8498-4D10-BEEF-ED5743E01300}.ReleaseWithoutAsm|x64.Build.0 = Release|x64
		{74000EE5-8498-4D10-BEEF-ED5743E01300}.ReleaseWithoutAsm|x86.ActiveCfg = Release|Win32
		{74000EE5-8498-4D10-BEEF-ED5743E01300}.ReleaseWithoutAsm|x86.Build.0 = Release|Win32
		{74000EE5-8498-4D10-BEEF-ED5743E01300}.Trace|Itanium.ActiveCfg = Debug|x64
		{74000EE5-8498-4D10-BEEF-ED5743E01300}.Trace|Itanium.Build.0 = Debug|x64
		{74000EE5-8498-4D10-BEEF-ED5743E01300}.Trace|x64.ActiveCfg = Debug|x64
		{74000EE5-8498-4D10-BEEF-ED5743E01300}.Trace|x64.Build.0 = Debug|x64
		{74000EE5-8498-4D10-BEEF-ED5743E01300}.Trace|x86.ActiveCfg = Debug|Win32
		{74000EE5-8498-4D10-BEEF-ED5743E01300}.Trace|x86.Build.0 = Debug|Win32
		{9E8958B3-3704-4C6F-87F2-5CC7D5012532}.Debug|Itanium.ActiveCfg = Debug|x64
		{9E8958B3-3704-4C6F-87F2-5CC7D5012532}.Debug|Itanium.Build.0 = Debug|x64
		{9E8958B3-3704-4C6F-87F2-5CC7D5012532}.Debug|x64.ActiveCfg = Debug|x64
		{9E8958B3-3704-4C6F-87F2-5CC7D5012532}.Debug|x64.Build.0 = Debug|x64
		{9E8958B3-3704-4C6F-87F2-5CC7D5012532}.Debug|x86.ActiveCfg = Debug|Win32
		{9E8958B3-3704-4C6F-87F2-5CC7D5012532}.Debug|x86.Build.0 = Debug|Win32
		{9E8958B3-3704-4C6F-87F2-5CC7D5012532}.Release|Itanium.ActiveCfg = Release|x64
		{9E8958B3-3704-4C6F-87F2-5CC7D5012532}.Release|Itanium.Build.0 = Release|x64
		{9E8958B3-3704-4C6F-87F2-5CC7D5012532}.Release|x64.ActiveCfg = Release|x64
		{9E8958B3-3704-4C6F-87F2-5CC7D5012532}.Release|x64.Build.0 = Release|x64
		{9E8958B3-3704-4C6F-87F2-5CC7D5012532}.Release|x86.ActiveCfg = Release|Win32
		{9E8958B3-3704-4C6F-87F2-5CC7D5012532}.Release|x86.Build.0 = Release|Win32
		{9E8958B3-3704-4C6F-87F2-5CC7D5012532}.ReleaseWithoutAsm|Itanium.ActiveCfg = Release|x64
		{9E8958B3-3704-4C6F-87F2-5CC7D5012532}.ReleaseWithoutAsm|Itanium.Build.0 = Release|x64
		{9E8958B3-3704-4C6F-87F2-5CC7D5012532}.ReleaseWithoutAsm|x64.ActiveCfg = Release|x64
		{9E8958B3-3704-4C6F-87F2-5CC7D5012532}.ReleaseWithoutAsm|x64.Build.0 = Release|x64
		{9E8958B3-3704-4C6F-87F2-5CC7D5012532}.ReleaseWithoutAsm|x86.ActiveCfg = Release|Win32
		{9E8958B3-3704-4C6F-87F2-5CC7D5012532}.ReleaseWithoutAsm|x86.Build.0 = Release|Win32
		{9E8958B3-3704-4C6F-87F2-5CC7D5012532}.Trace|Itanium.ActiveCfg = Debug|x64
		{9E8958B3-3704-4C6F-87F2-5CC7D5012532}.Trace|Itanium.Build.0 = Debug|x64
		{9E8958B3-3704-4C6F-87F2-5CC7D5012532}.Trace|x64.ActiveCfg = Debug|x64
		{9E8958B3-3704-4C6F-87F2-5CC7D5012532}.Trace|x64.Build.0 = Debug|x64
		{9E8958B3-3704-4C6F-87F2-5CC7D5012532}.Trace|x86.ActiveCfg = Debug|Win32
		{9E8958B3-3704-4C6F-87F2-5CC7D5012532}.Trace|x86.Build.0 = Debug|Win32
		{32543A9F-385E-4471-9146-CB8733F0E3C8}.Debug|Itanium.ActiveCfg = Debug|x64
		{32543A9F-385E-4471-9146-CB8733F0E3C8}.Debug|Itanium.Build.0 = Debug|x64
		{32543A9F-385E-4471-9146-CB8733F0E3C8}.Debug|x64.ActiveCfg = Debug|x64
		{32543A9F-385E-4471-9146-CB8733F0E3C8}.Debug|x64.Build.0 = Debug|x64
		{32543A9F-385E-4471-9146-CB8733F0E3C8}.Debug|x86.ActiveCfg = Debug|Win32
		{32543A9F-385E-4471-9146-CB8733F0E3C8}.Debug|x86.Build.0 = Debug|Win32
		{32543A9F-385E-4471-9146-CB8733F0E3C8}.Release|Itanium.ActiveCfg = Release|x64
		{32543A9F-385E-4471-9146-CB8733F0E3C8}.Release|Itanium.Build.0 = Release|x64
		{32543A9F-385E-4471-9146-CB8733F0E3C8}.Release|x64.ActiveCfg = Release|x64
		{32543A9F-385E-4471-9146-CB8733F0E3C8}.Release|x64.Build.0 = Release|x64
		{32543A9F-385E-4471-9146-CB8733F0E3C8}.Release|x86.ActiveCfg = Release|Win32
		{32543A9F-385E-4471-9146-CB8733F0E3C8}.Release|x86.Build.0 = Release|Win32
		{32543A9F-385E-4471-9146-CB8733F0E3C8}.ReleaseWithoutAsm|Itanium.ActiveCfg = Release|x64
		{32543A9F-385E-4471-9146-CB8733F0E3C8}.ReleaseWithoutAsm|Itanium.Build.0 = Release|x64
		{32543A9F-385E-4471-9146-CB8733F0E3C8}.ReleaseWithoutAsm|x64.ActiveCfg = Release|x64
		{32543A9F-385E-4471-9146-CB8733F0E3C8}.ReleaseWithoutAsm|x64.Build.0 = Release|x64
		{32543A9F-385E-4471-9146-CB8733F0E3C8}.ReleaseWithoutAsm|x86.ActiveCfg = Release|Win32
		{32543A9F-385E-4471-9146-CB8733F0E3C8}.ReleaseWithoutAsm|x86.Build.0 = Release|Win32
		{32543A9F-385E-4471-9146-CB8733F0E3C8}.Trace|Itanium.ActiveCfg = Debug|x64
		{32543A9F-385E-4471-9146-CB8733F0E3C8}.Trace|Itanium.Build.0 = Debug|x64
		{32543A9F-385E-4471-9146-CB8733F0E3C8}.Trace|x64.ActiveCfg = Debug|x64
		{32543A9F-385E-4471-9146-CB8733F0E3C8}.Trace|x64.Build.0 = Debug|x64
		{32543A9F-385E-4471-9146-CB8733F0E3C8}.Trace|x86.ActiveCfg = Debug|Win32
		{32543A9F-385E-4471-9146-CB8733F0E3C8}.Trace|x86.Build.0 = Debug|Win32
		{B8BFD71D-F1BD-4278-950C-9DB2901F0062}.Debug|Itanium.ActiveCfg = Debug|x64
		{B8BFD71D-F1BD-4278-950C-9DB2901F0062}.Debug|Itanium.Build.0 = Debug|x64
		{B8BFD71D-F1BD-4278-950C-9DB2901F0062}.Debug|x64.ActiveCfg = Debug|x64
		{B8BFD71D-F1BD-4278-950C-9DB2901F0062}.Debug|x64.Build.0 = Debug|x64
		{B8BFD71D-F1BD-4278-950C-9DB2901F0062}.Debug|x86.ActiveCfg = Debug|Win32
		{B8BFD71D-F1BD-4278-950C-9DB2901F0062}.Debug|x86.Build.0 = Debug|Win32
		{B8BFD71D-F1BD-4278-950C-9DB2901F0062}.Release|Itanium.ActiveCfg = Release|x64
		{B8BFD71D-F1BD-4278-950C-9DB2901F0062}.Release|Itanium.Build.0 = Release|x64
		{B8BFD71D-F1BD-4278-950C-9DB2901F0062}.Release|x64.ActiveCfg = Release|x64
		{B8BFD71D-F1BD-4278-950C-9DB2901F0062}.Release|x64.Build.0 = Release|x64
		{B8BFD71D-F1BD-4278-950C-9DB2901F0062}.Release|x86.ActiveCfg = Release|Win32
		{B8BFD71D-F1BD-4278-950C-9DB2901F0062}.Release|x86.Build.0 = Release|Win32
		{B8BFD71D-F1BD-4278-950C-9DB2901F0062}.ReleaseWithoutAsm|Itanium.ActiveCfg = Release|x64
		{B8BFD71D-F1BD-4278-950C-9DB2901F0062}.ReleaseWithoutAsm|Itanium.Build.0 = Release|x64
		{B8BFD71D-F1BD-4278-950C-9DB2901F0062}.ReleaseWithoutAsm|x64.ActiveCfg = Release|x64
		{B8BFD71D-F1BD-4278-950C-9DB2901F0062}.ReleaseWithoutAsm|x64.Build.0 = Release|x64
		{B8BFD71D-F1BD-4278-950C-9DB2901F0062}.ReleaseWithoutAsm|x86.ActiveCfg = Release|Win32
		{B8BFD71D-F1BD-4278-950C-9DB2901F0062}.ReleaseWithoutAsm|x86.Build.0 = Release|Win32
		{B8BFD71D-F1BD-4278-950C-9DB2901F0062}.Trace|Itanium.ActiveCfg = Debug|x64
		{B8BFD71D-F1BD-4278-950C-9DB2901F0062}.Trace|Itanium.Build.0 = Debug|x64
		{B8BFD71D-F1BD-4278-950C-9DB2901F0062}.Trace|x64.ActiveCfg = Debug|x64
		{B8BFD71D-F1BD-4278-950C-9DB2901F0062}.Trace|x64.Build.0 = Debug|x64
		{B8BFD71D-F1BD-4278-950C-9DB2901F0062}.Trace|x86.ActiveCfg = Debug|Win32
		{B8BFD71D-F1BD-4278-950C-9DB2901F0062}.Trace|x86.Build.0 = Debug|Win32
		{C95E3601-BBAA-4514-8452-B89B4D3B3EDC}.Debug|Itanium.ActiveCfg = Debug|x64
		{C95E3601-BBAA-4514-8452-B89B4D3B3EDC}.Debug|Itanium.Build.0 = Debug|x64
		{C95E3601-BBAA-4514-8452-B89B4D3B3EDC}.Debug|x64.ActiveCfg = Debug|x64
		{C95E3601-BBAA-4514-8452-B89B4D3B3EDC}.Debug|x64.Build.0 = Debug|x64
		{C95E3601-BBAA-4514-8452-B89B4D3B3EDC}.Debug|x86.ActiveCfg = Debug|Win32
		{C95E3601-BBAA-4514-8452-B89B4D3B3EDC}.Debug|x86.Build.0 = Debug|Win32
		{C95E3601-BBAA-4514-8452-B89B4D3B3EDC}.Release|Itanium.ActiveCfg = Release|x64
		{C95E3601-BBAA-4514-8452-B89B4D3B3EDC}.Release|Itanium.Build.0 = Release|x64
		{C95E3601-BBAA-4514-8452-B89B4D3B3EDC}.Release|x64.ActiveCfg = Release|x64
		{C95E3601-BBAA-4514-8452-B89B4D3B3EDC}.Release|x64.Build.0 = Release|x64
		{C95E3601-BBAA-4514-8452-B89B4D3B3EDC}.Release|x86.ActiveCfg = Release|Win32
		{C95E3601-BBAA-4514-8452-B89B4D3B3EDC}.Release|x86.Build.0 = Release|Win32
		{C95E3601-BBAA-4514-8452-B89B4D3B3EDC}.ReleaseWithoutAsm|Itanium.ActiveCfg = Release|x64
		{C95E3601-BBAA-4514-8452-B89B4D3B3EDC}.ReleaseWithoutAsm|Itanium.Build.0 = Release|x64
		{C95E3601-BBAA-4514-8452-B89B4D3B3EDC}.ReleaseWithoutAsm|x64.ActiveCfg = Release|x64
		{C95E3601-BBAA-4514-8452-B89B4D3B3EDC}.ReleaseWithoutAsm|x64.Build.0 = Release|x64
		{C95E3601-BBAA-4514-8452-B89B4D3B3EDC}.ReleaseWithoutAsm|x86.ActiveCfg = Release|Win32
		{C95E3601-BBAA-4514-8452-B89B4D3B3EDC}.ReleaseWithoutAsm|x86.Build.0 = Release|Win32
		{C95E3601-BBAA-4514-8452-B89B4D3B3EDC}.Trace|Itanium.ActiveCfg = Debug|x64
		{C95E3601-BBAA-4514-8452-B89B4D3B3EDC}.Trace|Itanium.Build.0 = Debug|x64
		{C95E3601-BBAA-4514-8452-B89B4D3B3EDC}.Trace|x64.ActiveCfg = Debug|x64
		{C95E3601-BBAA-4514-8452-B89B4D3B3EDC}.Trace|x64.Build.0 = Debug|x64
		{C95E3601-BBAA-4514-8452-B89B4D3B3EDC}.Trace|x86.ActiveCfg = Debug|Win32
		{C95E3601-BBAA-4514-8452-B89B4D3B3EDC}.Trace|x86.Build.0 = Debug|Win32
		{6F20E2FF-84C9-40EA-B99C-73058EDE7A4C}.Debug|Itanium.ActiveCfg = Debug|x64
		{6F20E2FF-84C9-40EA-B99C-73058EDE7A4C}.Debug|Itanium.Build.0 = Debug|x64
		{6F20E2FF-84C9-40EA-B99C-73058EDE7A4C}.Debug|x64.ActiveCfg = Debug|x64
		{6F20E2FF-84C9-40EA-B99C-73058EDE7A4C}.Debug|x64.Build.0 = Debug|x64
		{6F20E2FF-84C9-40EA-B99C-73058EDE7A4C}.Debug|x86.ActiveCfg = Debug|Win32
		{6F20E2FF-84C9-40EA-B99C-73058EDE7A4C}.Debug|x86.Build.0 = Debug|Win32
		{6F20E2FF-84C9-40EA-B99C-73058EDE7A4C}.Release|Itanium.ActiveCfg = Release|x64
		{6F20E2FF-84C9-40EA-B99C-73058EDE7A4C}.Release|Itanium.Build.0 = Release|x64
		{6F20E2FF-84C9-40EA-B99C-73058EDE7A4C}.Release|x64.ActiveCfg = Release|x64
		{6F20E2FF-84C9-40EA-B99C-73058EDE7A4C}.Release|x64.Build.0 = Release|x64
		{6F20E2FF-84C9-40EA-B99C-73058EDE7A4C}.Release|x86.ActiveCfg = Release|Win32
		{6F20E2FF-84C9-40EA-B99C-73058EDE7A4C}.Release|x86.Build.0 = Release|Win32
		{6F20E2FF-84C9-40EA-B99C-73058EDE7A4C}.ReleaseWithoutAsm|Itanium.ActiveCfg = Release|x64
		{6F20E2FF-84C9-40EA-B99C-73058EDE7A4C}.ReleaseWithoutAsm|Itanium.Build.0 = Release|x64
		{6F20E2FF-84C9-40EA-B99C-73058EDE7A4C}.ReleaseWithoutAsm|x64.ActiveCfg = Release|x64
		{6F20E2FF-84C9-40EA-B99C-73058EDE7A4C}.ReleaseWithoutAsm|x64.Build.0 = Release|x64
		{6F20E2FF-84C9-40EA-B99C-73058EDE7A4C}.ReleaseWithoutAsm|x86.ActiveCfg = Release|Win32
		{6F20E2FF-84C9-40EA-B99C-73058EDE7A4C}.ReleaseWithoutAsm|x86.Build.0 = Release|Win32
		{6F20E2FF-84C9-40EA-B99C-73058EDE7A4C}.Trace|Itanium.ActiveCfg = Debug|x64
		{6F20E2FF-84C9-40EA-B99C-73058EDE7A4C}.Trace|Itanium.Build.0 = Debug|x64
		{6F20E2FF-84C9-40EA-B99C-73058EDE7A4C}.Trace|x64.ActiveCfg = Debug|x64
		{6F20E2FF-84C9-40EA-B99C-73058EDE7A4C}.Trace|x64.Build.0 = Debug|x64
		{6F20E2FF-84C9-40EA-B99C-73058EDE7A4C}.Trace|x86.ActiveCfg = Debug|Win32
		{6F20E2FF-84C9-40EA-B99C-73058EDE7A4C}.Trace|x86.Build.0 = Debug|Win32
		{A7F3FAE2-3C42-4959-A98A-19B5DA9C3C4D}.Debug|Itanium.ActiveCfg = Debug|x64
		{A7F3FAE2-3C42-4959-A98A-19B5DA9C3C4D}.Debug|Itanium.Build.0 = Debug|x64
		{A7F3FAE2-3C42-4959-A98A-19B5DA9C3C4D}.Debug|x64.ActiveCfg = Debug|x64
		{A7F3FAE2-3C42-4959-A98A-19B5DA9C3C4D}.Debug|x64.Build.0 = Debug|x64
		{A7F3FAE2-3C42-4959-A98A-19B5DA9C3C4D}.Debug|x86.ActiveCfg = Debug|Win32
		{A7F3FAE2-3C42-4959-A98A-19B5DA9C3C4D}.Debug|x86.Build.0 = Debug|Win32
		{A7F3FAE2-3C42-4959-A98A-19B5DA9C3C4D}.Release|Itanium.ActiveCfg = Release|x64
		{A7F3FAE2-3C42-4959-A98A-19B5DA9C3C4D}.Release|Itanium.Build.0 = Release|x64
		{A7F3FAE2-3C42-4959-A98A-19B5DA9C3C4D}.Release|x64.ActiveCfg = Release|x64
		{A7F3FAE2-3C42-4959-A98A-19B5DA9C3C4D}.Release|x64.Build.0 = Release|x64
		{A7F3FAE2-3C42-4959-A98A-19B5DA9C3C4D}.Release|x86.ActiveCfg = Release|Win32
		{A7F3FAE2-3C42-4959-A98A-19B5DA9C3C4D}.Release|x86.Build.0 = Release|Win32
		{A7F3FAE2-3C42-4959-A98A-19B5DA9C3C4D}.ReleaseWithoutAsm|Itanium.ActiveCfg = Release|x64
		{A7F3FAE2-3C42-4959-A98A-19B5DA9C3C4D}.ReleaseWithoutAsm|Itanium.Build.0 = Release|x64
		{A7F3FAE2-3C42-4959-A98A-19B5DA9C3C4D}.ReleaseWithoutAsm|x64.ActiveCfg = Release|x64
		{A7F3FAE2-3C42-4959-A98A-19B5DA9C3C4D}.ReleaseWithoutAsm|x64.Build.0 = Release|x64
		{A7F3FAE2-3C42-4959-A98A-19B5DA9C3C4D}.ReleaseWithoutAsm|x86.ActiveCfg = Release|Win32
		{A7F3FAE2-3C42-4959-A98A-19B5DA9C3C4D}.ReleaseWithoutAsm|x86.Build.0 = Release|Win32
		{A7F3FAE2-3C42-4959-A98A-19B5DA9C3C4D}.Trace|Itanium.ActiveCfg = Debug|x64
		{A7F3FAE2-3C42-4959-A98A-19B5DA9C3C4D}.Trace|Itanium.Build.0 = Debug|x64
		{A7F3FAE2-3C42-4959-A98A-19B5DA9C3C4D}.Trace|x64.ActiveCfg = Debug|x64
		{A7F3FAE2-3C42-4959-A98A-19B5DA9C3C4D}.Trace|x64.Build.0 = Debug|x64
		{A7F3FAE2-3C42-4959-A98A-19B5DA9C3C4D}.Trace|x86.ActiveCfg = Debug|Win32
		{A7F3FAE2-3C42-4959-A98A-19B5DA9C3C4D}.Trace|x86.Build.0 = Debug|Win32
		{E4442931-3FBB-47E3-8EC8-59FD629B64EF}.Debug|Itanium.ActiveCfg = Debug|x64
		{E4442931-3FBB-47E3-8EC8-59FD629B64EF}.Debug|Itanium.Build.0 = Debug|x64
		{E4442931-3FBB-47E3-8EC8-59FD629B64EF}.Debug|x64.ActiveCfg = Debug|x64
		{E4442931-3FBB-47E3-8EC8-59FD629B64EF}.Debug|x64.Build.0 = Debug|x64
		{E4442931-3FBB-47E3-8EC8-59FD629B64EF}.Debug|x86.ActiveCfg = Debug|Win32
		{E4442931-3FBB-47E3-8EC8-59FD629B64EF}.Debug|x86.Build.0 = Debug|Win32
		{E4442931-3FBB-47E3-8EC8-59FD629B64EF}.Release|Itanium.ActiveCfg = Release|x64
		{E4442931-3FBB-47E3-8EC8-59FD629B64EF}.Release|Itanium.Build.0 = Release|x64
		{E4442931-3FBB-47E3-8EC8-59FD629B64EF}.Release|x64.ActiveCfg = Release|x64
		{E4442931-3FBB-47E3-8EC8-59FD629B64EF}.Release|x64.Build.0 = Release|x64
		{E4442931-3FBB-47E3-8EC8-59FD629B64EF}.Release|x86.ActiveCfg = Release|Win32
		{E4442931-3FBB-47E3-8EC8-59FD629B64EF}.Release|x86.Build.0 = Release|Win32
		{E4442931-3FBB-47E3-8EC8-59FD629B64EF}.ReleaseWithoutAsm|Itanium.ActiveCfg = Release|x64
		{E4442931-3FBB-47E3-8EC8-59FD629B64EF}.ReleaseWithoutAsm|Itanium.Build.0 = Release|x64
		{E4442931-3FBB-47E3-8EC8-59FD629B64EF}.ReleaseWithoutAsm|x64.ActiveCfg = Release|x64
		{E4442931-3FBB-47E3-8EC8-59FD629B64EF}.ReleaseWithoutAsm|x64.Build.0 = Release|x64
		{E4442931-3FBB-47E3-8EC8-59FD629B64EF}.ReleaseWithoutAsm|x86.ActiveCfg = Release|Win32
		{E4442931-3FBB-47E3-8EC8-59FD629B64EF}.ReleaseWithoutAsm|x86.Build.0 = Release|Win32
		{E4442931-3FBB-47E3-8EC8-59FD629B64EF}.Trace|Itanium.ActiveCfg = Debug|x64
		{E4442931-3FBB-47E3-8EC8-59FD629B64EF}.Trace|Itanium.Build.0 = Debug|x64
		{E4442931-3FBB-47E3-8EC8-59FD629B64EF}.Trace|x64.ActiveCfg = Debug|x64
		{E4442931-3FBB-47E3-8EC8-59FD629B64EF}.Trace|x64.Build.0 = Debug|x64
		{E4442931-3FBB-47E3-8EC8-59FD629B64EF}.Trace|x86.ActiveCfg = Debug|Win32
		{E4442931-3FBB-47E3-8EC8-59FD629B64EF}.Trace|x86.Build.0 = Debug|Win32
		{B4430F33-0890-4FF5-A10B-E553A0CC5193}.Debug|Itanium.ActiveCfg = Debug|x64
		{B4430F33-0890-4FF5-A10B-E553A0CC5193}.Debug|Itanium.Build.0 = Debug|x64
		{B4430F33-0890-4FF5-A10B-E553A0CC5193}.Debug|x64.ActiveCfg = Debug|x64
		{B4430F33-0890-4FF5-A10B-E553A0CC5193}.Debug|x64.Build.0 = Debug|x64
		{B4430F33-0890-4FF5-A10B-E553A0CC5193}.Debug|x86.ActiveCfg = Debug|Win32
		{B4430F33-0890-4FF5-A10B-E553A0CC5193}.Debug|x86.Build.0 = Debug|Win32
		{B4430F33-0890-4FF5-A10B-E553A0CC5193}.Release|Itanium.ActiveCfg = Release|x64
		{B4430F33-0890-4FF5-A10B-E553A0CC5193}.Release|Itanium.Build.0 = Release|x64
		{B4430F33-0890-4FF5-A10B-E553A0CC5193}.Release|x64.ActiveCfg = Release|x64
		{B4430F33-0890-4FF5-A10B-E553A0CC5193}.Release|x64.Build.0 = Release|x64
		{B4430F33-0890-4FF5-A10B-E553A0CC5193}.Release|x86.ActiveCfg = Release|Win32
		{B4430F33-0890-4FF5-A10B-E553A0CC5193}.Release|x86.Build.0 = Release|Win32
		{B4430F33-0890-4FF5-A10B-E553A0CC5193}.ReleaseWithoutAsm|Itanium.ActiveCfg = Release|x64
		{B4430F33-0890-4FF5-A10B-E553A0CC5193}.ReleaseWithoutAsm|Itanium.Build.0 = Release|x64
		{B4430F33-0890-4FF5-A10B-E553A0CC5193}.ReleaseWithoutAsm|x64.ActiveCfg = Release|x64
		{B4430F33-0890-4FF5-A10B-E553A0CC5193}.ReleaseWithoutAsm|x64.Build.0 = Release|x64
		{B4430F33-0890-4FF5-A10B-E553A0CC5193}.ReleaseWithoutAsm|x86.ActiveCfg = Release|Win32
		{B4430F33-0890-4FF5-A10B-E553A0CC5193}.ReleaseWithoutAsm|x86.Build.0 = Release|Win32
		{B4430F33-0890-4FF5-A10B-E553A0CC5193}.Trace|Itanium.ActiveCfg = Debug|x64
		{B4430F33-0890-4FF5-A10B-E553A0CC5193}.Trace|Itanium.Build.0 = Debug|x64
		{B4430F33-0890-4FF5-A10B-E553A0CC5193}.Trace|x64.ActiveCfg = Debug|x64
		{B4430F33-0890-4FF5-A10B-E553A0CC5193}.Trace|x64.Build.0 = Debug|x64
		{B4430F33-0890-4FF5-A10B-E553A0CC5193}.Trace|x86.ActiveCfg = Debug|Win32
		{B4430F33-0890-4FF5-A10B-E553A0CC5193}.Trace|x86.Build.0 = Debug|Win32
		{B5043EBF-D441-4BAF-9986-FDC70E85954A}.Debug|Itanium.ActiveCfg = Debug|x64
		{B5043EBF-D441-4BAF-9986-FDC70E85954A}.Debug|Itanium.Build.0 = Debug|x64
		{B5043EBF-D441-4BAF-9986-FDC70E85954A}.Debug|x64.ActiveCfg = Debug|x64
		{B5043EBF-D441-4BAF-9986-FDC70E85954A}.Debug|x64.Build.0 = Debug|x64
		{B5043EBF-D441-4BAF-9986-FDC70E85954A}.Debug|x86.ActiveCfg = Debug|Win32
		{B5043EBF-D441-4BAF-9986-FDC70E85954A}.Debug|x86.Build.0 = Debug|Win32
		{B5043EBF-D441-4BAF-9986-FDC70E85954A}.Release|Itanium.ActiveCfg = Release|x64
		{B5043EBF-D441-4BAF-9986-FDC70E85954A}.Release|Itanium.Build.0 = Release|x64
		{B5043EBF-D441-4BAF-9986-FDC70E85954A}.Release|x64.ActiveCfg = Release|x64
		{B5043EBF-D441-4BAF-9986-FDC70E85954A}.Release|x64.Build.0 = Release|x64
		{B5043EBF-D441-4BAF-9986-FDC70E85954A}.Release|x86.ActiveCfg = Release|Win32
		{B5043EBF-D441-4BAF-9986-FDC70E85954A}.Release|x86.Build.0 = Release|Win32
		{B5043EBF-D441-4BAF-9986-FDC70E85954A}.ReleaseWithoutAsm|Itanium.ActiveCfg = Release|x64
		{B5043EBF-D441-4BAF-9986-FDC70E85954A}.ReleaseWithoutAsm|Itanium.Build.0 = Release|x64
		{B5043EBF-D441-4BAF-9986-FDC70E85954A}.ReleaseWithoutAsm|x64.ActiveCfg = Release|x64
		{B5043EBF-D441-4BAF-9986-FDC70E85954A}.ReleaseWithoutAsm|x64.Build.0 = Release|x64
		{B5043EBF-D441-4BAF-9986-FDC70E85954A}.ReleaseWithoutAsm|x86.ActiveCfg = Release|Win32
		{B5043EBF-D441-4BAF-9986-FDC70E85954A}.ReleaseWithoutAsm|x86.Build.0 = Release|Win32
		{B5043EBF-D441-4BAF-9986-FDC70E85954A}.Trace|Itanium.ActiveCfg = Debug|x64
		{B5043EBF-D441-4BAF-9986-FDC70E85954A}.Trace|Itanium.Build.0 = Debug|x64
		{B5043EBF-D441-4BAF-9986-FDC70E85954A}.Trace|x64.ActiveCfg = Debug|x64
		{B5043EBF-D441-4BAF-9986-FDC70E85954A}.Trace|x64.Build.0 = Debug|x64
		{B5043EBF-D441-4BAF-9986-FDC70E85954A}.Trace|x86.ActiveCfg = Debug|Win32
		{B5043EBF-D441-4BAF-9986-FDC70E85954A}.Trace|x86.Build.0 = Debug|Win32
		{3D253930-B9ED-4775-87EF-076BB551053E}.Debug|Itanium.ActiveCfg = Debug|x64
		{3D253930-B9ED-4775-87EF-076BB551053E}.Debug|Itanium.Build.0 = Debug|x64
		{3D253930-B9ED-4775-87EF-076BB551053E}.Debug|x64.ActiveCfg = Debug|x64
		{3D253930-B9ED-4775-87EF-076BB551053E}.Debug|x64.Build.0 = Debug|x64
		{3D253930-B9ED-4775-87EF-076BB551053E}.Debug|x86.ActiveCfg = Debug|Win32
		{3D253930-B9ED-4775-87EF-076BB551053E}.Debug|x86.Build.0 = Debug|Win32
		{3D253930-B9ED-4775-87EF-076BB551053E}.Release|Itanium.ActiveCfg = Release|x64
		{3D253930-B9ED-4775-87EF-076BB551053E}.Release|Itanium.Build.0 = Release|x64
		{3D253930-B9ED-4775-87EF-076BB551053E}.Release|x64.ActiveCfg = Release|x64
		{3D253930-B9ED-4775-87EF-076BB551053E}.Release|x64.Build.0 = Release|x64
		{3D253930-B9ED-4775-87EF-076BB551053E}.Release|x86.ActiveCfg = Release|Win32
		{3D253930-B9ED-4775-87EF-076BB551053E}.Release|x86.Build.0 = Release|Win32
		{3D253930-B9ED-4775-87EF-076BB551053E}.ReleaseWithoutAsm|Itanium.ActiveCfg = Release|x64
		{3D253930-B9ED-4775-87EF-076BB551053E}.ReleaseWithoutAsm|Itanium.Build.0 = Release|x64
		{3D253930-B9ED-4775-87EF-076BB551053E}.ReleaseWithoutAsm|x64.ActiveCfg = Release|x64
		{3D253930-B9ED-4775-87EF-076BB551053E}.ReleaseWithoutAsm|x64.Build.0 = Release|x64
		{3D253930-B9ED-4775-87EF-076BB551053E}.ReleaseWithoutAsm|x86.ActiveCfg = Release|Win32
		{3D253930-B9ED-4775-87EF-076BB551053E}.ReleaseWithoutAsm|x86.Build.0 = Release|Win32
		{3D253930-B9ED-4775-87EF-076BB551053E}.Trace|Itanium.ActiveCfg = Debug|x64
		{3D253930-B9ED-4775-87EF-076BB551053E}.Trace|Itanium.Build.0 = Debug|x64
		{3D253930-B9ED-4775-87EF-076BB551053E}.Trace|x64.ActiveCfg = Debug|x64
		{3D253930-B9ED-4775-87EF-076BB551053E}.Trace|x64.Build.0 = Debug|x64
		{3D253930-B9ED-4775-87EF-076BB551053E}.Trace|x86.ActiveCfg = Debug|Win32
		{3D253930-B9ED-4775-87EF-076BB551053E}.Trace|x86.Build.0 = Debug|Win32
		{7243D45C-82CA-4F99-9847-DD7CFFE0F751}.Debug|Itanium.ActiveCfg = Debug|x64
		{7243D45C-82CA-4F99-9847-DD7CFFE0F751}.Debug|Itanium.Build.0 = Debug|x64
		{7243D45C-82CA-4F99-9847-DD7CFFE0F751}.Debug|x64.ActiveCfg = Debug|x64
		{7243D45C-82CA-4F99-9847-DD7CFFE0F751}.Debug|x64.Build.0 = Debug|x64
		{7243D45C-82CA-4F99-9847-DD7CFFE0F751}.Debug|x86.ActiveCfg = Debug|Win32
		{7243D45C-82CA-4F99-9847-DD7CFFE0F751}.Debug|x86.Build.0 = Debug|Win32
		{7243D45C-82CA-4F99-9847-DD7CFFE0F751}.Release|Itanium.ActiveCfg = Release|x64
		{7243D45C-82CA-4F99-9847-DD7CFFE0F751}.Release|Itanium.Build.0 = Release|x64
		{7243D45C-82CA-4F99-9847-DD7CFFE0F751}.Release|x64.ActiveCfg = Release|x64
		{7243D45C-82CA-4F99-9847-DD7CFFE0F751}.Release|x64.Build.0 = Release|x64
		{7243D45C-82CA-4F99-9847-DD7CFFE0F751}.Release|x86.ActiveCfg = Release|Win32
		{7243D45C-82CA-4F99-9847-DD7CFFE0F751}.Release|x86.Build.0 = Release|Win32
		{7243D45C-82CA-4F99-9847-DD7CFFE0F751}.ReleaseWithoutAsm|Itanium.ActiveCfg = Release|x64
		{7243D45C-82CA-4F99-9847-DD7CFFE0F751}.ReleaseWithoutAsm|Itanium.Build.0 = Release|x64
		{7243D45C-82CA-4F99-9847-DD7CFFE0F751}.ReleaseWithoutAsm|x64.ActiveCfg = Release|x64
		{7243D45C-82CA-4F99-9847-DD7CFFE0F751}.ReleaseWithoutAsm|x64.Build.0 = Release|x64
		{7243D45C-82CA-4F99-9847-DD7CFFE0F751}.ReleaseWithoutAsm|x86.ActiveCfg = Release|Win32
		{7243D45C-82CA-4F99-9847-DD7CFFE0F751}.ReleaseWithoutAsm|x86.Build.0 = Release|Win32
		{7243D45C-82CA-4F99-9847-DD7CFFE0F751}.Trace|Itanium.ActiveCfg = Debug|x64
		{7243D45C-82CA-4F99-9847-DD7CFFE0F751}.Trace|Itanium.Build.0 = Debug|x64
		{7243D45C-82CA-4F99-9847-DD7CFFE0F751}.Trace|x64.ActiveCfg = Debug|x64
		{7243D45C-82CA-4F99-9847-DD7CFFE0F751}.Trace|x64.Build.0 = Debug|x64
		{7243D45C-82CA-4F99-9847-DD7CFFE0F751}.Trace|x86.ActiveCfg = Debug|Win32
		{7243D45C-82CA-4F99-9847-DD7CFFE0F751}.Trace|x86.Build.0 = Debug|Win32
	EndGlobalSection
	GlobalSection(SolutionProperties) = preSolution
		HideSolutionNode = FALSE
	EndGlobalSection
	GlobalSection(NestedProjects) = preSolution
		{858C4B45-3557-4861-A721-ADEC61D3FDB5} = {5BE06DDA-4067-4D78-8FE8-0798A80552D3}
		{536511BE-FBAC-449F-BD75-704655BDCE4D} = {5BE06DDA-4067-4D78-8FE8-0798A80552D3}
		{BE756C27-F517-4D99-AC6E-710790895458} = {5BE06DDA-4067-4D78-8FE8-0798A80552D3}
		{61AF1E25-4020-43B6-BA97-10A60A78EA0E} = {8991C1A6-F00E-45AF-AD49-8D588CC67D82}
		{75603A47-C9C4-4B9F-9689-E523093E3D03} = {8991C1A6-F00E-45AF-AD49-8D588CC67D82}
		{D307A27E-EF2F-46E8-8A09-4807707E1C02} = {5BE06DDA-4067-4D78-8FE8-0798A80552D3}
		{C69DA805-04F0-4473-9E69-69888FA5E5A6} = {D307A27E-EF2F-46E8-8A09-4807707E1C02}
		{A04570D9-27BE-464F-B3A5-6C6B1943D493} = {D307A27E-EF2F-46E8-8A09-4807707E1C02}
		{1AD67257-5FBE-45A6-A3BF-161BF9778089} = {D307A27E-EF2F-46E8-8A09-4807707E1C02}
		{21E6C1C2-DAA6-4F4E-954E-B56538D46244} = {D307A27E-EF2F-46E8-8A09-4807707E1C02}
		{698D83E9-E751-4B45-8795-27F1F63E12CE} = {8991C1A6-F00E-45AF-AD49-8D588CC67D82}
		{6612DFB7-3015-447E-9576-D18668EFA630} = {8991C1A6-F00E-45AF-AD49-8D588CC67D82}
		{B6221487-8F2D-4B27-9EC8-21C22B7FB63B} = {8991C1A6-F00E-45AF-AD49-8D588CC67D82}
		{067FEDB4-998D-4EFB-A2F4-70DC705264E1} = {8991C1A6-F00E-45AF-AD49-8D588CC67D82}
		{846F8EF1-64D7-4E89-96EE-EDD591438DBF} = {8991C1A6-F00E-45AF-AD49-8D588CC67D82}
		{6FC35BCD-46FA-4130-92FF-2154BEB3D635} = {8991C1A6-F00E-45AF-AD49-8D588CC67D82}
		{1530E50E-63F1-4445-A612-319AC0CA1D7D} = {8991C1A6-F00E-45AF-AD49-8D588CC67D82}
		{679D89A0-4E43-4CF7-8E81-ACC6B357E222} = {5BE06DDA-4067-4D78-8FE8-0798A80552D3}
		{E075016C-E5BA-46F8-B99D-82168D13CA4D} = {8991C1A6-F00E-45AF-AD49-8D588CC67D82}
		{F9426554-E003-4B1D-9431-04A894271DCA} = {8991C1A6-F00E-45AF-AD49-8D588CC67D82}
		{D9913DCB-1325-426C-95B1-F80D2751D081} = {8991C1A6-F00E-45AF-AD49-8D588CC67D82}
		{1762C93E-3089-461C-AD9E-B8B76DFB60B1} = {8991C1A6-F00E-45AF-AD49-8D588CC67D82}
		{585EA78C-3203-4208-AFF5-998A693E6013} = {8991C1A6-F00E-45AF-AD49-8D588CC67D82}
		{99D0A844-4EE3-4C0A-9EEB-45EB9FEDCA05} = {D307A27E-EF2F-46E8-8A09-4807707E1C02}
		{229DE3F8-FA43-4EE2-8370-4D3C8ED47875} = {5BE06DDA-4067-4D78-8FE8-0798A80552D3}
		{1A33456A-764A-489E-A510-58F61B519D1F} = {8991C1A6-F00E-45AF-AD49-8D588CC67D82}
		{B9D99F1F-69C7-467A-8B2D-2E32B0B66C53} = {8991C1A6-F00E-45AF-AD49-8D588CC67D82}
		{5B39819A-8F5B-4D6E-A338-B1DE21DA87A8} = {8991C1A6-F00E-45AF-AD49-8D588CC67D82}
		{5AF98F03-2215-4A25-B653-733A91E17456} = {5B39819A-8F5B-4D6E-A338-B1DE21DA87A8}
		{74000EE5-8498-4D10-BEEF-ED5743E01300} = {5B39819A-8F5B-4D6E-A338-B1DE21DA87A8}
		{9E8958B3-3704-4C6F-87F2-5CC7D5012532} = {5B39819A-8F5B-4D6E-A338-B1DE21DA87A8}
		{32543A9F-385E-4471-9146-CB8733F0E3C8} = {5B39819A-8F5B-4D6E-A338-B1DE21DA87A8}
		{B8BFD71D-F1BD-4278-950C-9DB2901F0062} = {5B39819A-8F5B-4D6E-A338-B1DE21DA87A8}
		{C95E3601-BBAA-4514-8452-B89B4D3B3EDC} = {5B39819A-8F5B-4D6E-A338-B1DE21DA87A8}
		{6F20E2FF-84C9-40EA-B99C-73058EDE7A4C} = {5B39819A-8F5B-4D6E-A338-B1DE21DA87A8}
		{A7F3FAE2-3C42-4959-A98A-19B5DA9C3C4D} = {5B39819A-8F5B-4D6E-A338-B1DE21DA87A8}
		{E4442931-3FBB-47E3-8EC8-59FD629B64EF} = {5B39819A-8F5B-4D6E-A338-B1DE21DA87A8}
		{B4430F33-0890-4FF5-A10B-E553A0CC5193} = {5B39819A-8F5B-4D6E-A338-B1DE21DA87A8}
		{B5043EBF-D441-4BAF-9986-FDC70E85954A} = {5B39819A-8F5B-4D6E-A338-B1DE21DA87A8}
		{3D253930-B9ED-4775-87EF-076BB551053E} = {5B39819A-8F5B-4D6E-A338-B1DE21DA87A8}
		{7243D45C-82CA-4F99-9847-DD7CFFE0F751} = {5B39819A-8F5B-4D6E-A338-B1DE21DA87A8}
	EndGlobalSection
	GlobalSection(ExtensibilityGlobals) = postSolution
		SolutionGuid = {0933D439-CC99-45F8-ABD6-916F27C97E1E}
	EndGlobalSection
EndGlobal
